// !$*UTF8*$!
{
	archiveVersion = 1;
	classes = {
	};
	objectVersion = 50;
	objects = {

/* Begin PBXBuildFile section */
		9F1DB51820E0BE6F0014E9FC /* AppDelegate.m in Sources */ = {isa = PBXBuildFile; fileRef = 9F1DB51720E0BE6F0014E9FC /* AppDelegate.m */; };
		9F1DB51B20E0BE6F0014E9FC /* ViewController.m in Sources */ = {isa = PBXBuildFile; fileRef = 9F1DB51A20E0BE6F0014E9FC /* ViewController.m */; };
		9F1DB51E20E0BE6F0014E9FC /* Main.storyboard in Resources */ = {isa = PBXBuildFile; fileRef = 9F1DB51C20E0BE6F0014E9FC /* Main.storyboard */; };
		9F1DB52020E0BE720014E9FC /* Assets.xcassets in Resources */ = {isa = PBXBuildFile; fileRef = 9F1DB51F20E0BE720014E9FC /* Assets.xcassets */; };
		9F1DB52320E0BE720014E9FC /* LaunchScreen.storyboard in Resources */ = {isa = PBXBuildFile; fileRef = 9F1DB52120E0BE720014E9FC /* LaunchScreen.storyboard */; };
		9F1DB52620E0BE720014E9FC /* main.m in Sources */ = {isa = PBXBuildFile; fileRef = 9F1DB52520E0BE720014E9FC /* main.m */; };
		9F53D21220FDB79300D327D0 /* ViewController.m in Sources */ = {isa = PBXBuildFile; fileRef = 9F1DB51A20E0BE6F0014E9FC /* ViewController.m */; };
		9F53D21320FDB79300D327D0 /* main.m in Sources */ = {isa = PBXBuildFile; fileRef = 9F1DB52520E0BE720014E9FC /* main.m */; };
		9F53D21420FDB79300D327D0 /* AppDelegate.m in Sources */ = {isa = PBXBuildFile; fileRef = 9F1DB51720E0BE6F0014E9FC /* AppDelegate.m */; };
		9F53D21520FDB79300D327D0 /* JSAndOCViewController.m in Sources */ = {isa = PBXBuildFile; fileRef = 9FD0BBAC20EE11D300ACF2BD /* JSAndOCViewController.m */; };
		9F53D21820FDB79300D327D0 /* LaunchScreen.storyboard in Resources */ = {isa = PBXBuildFile; fileRef = 9F1DB52120E0BE720014E9FC /* LaunchScreen.storyboard */; };
		9F53D21920FDB79300D327D0 /* WKWebViewMessageHandler.html in Resources */ = {isa = PBXBuildFile; fileRef = 9FD0BBAF20EE1C0900ACF2BD /* WKWebViewMessageHandler.html */; };
		9F53D21A20FDB79300D327D0 /* Assets.xcassets in Resources */ = {isa = PBXBuildFile; fileRef = 9F1DB51F20E0BE720014E9FC /* Assets.xcassets */; };
		9F53D21B20FDB79300D327D0 /* Main.storyboard in Resources */ = {isa = PBXBuildFile; fileRef = 9F1DB51C20E0BE6F0014E9FC /* Main.storyboard */; };
		9F53D22420FDDCC400D327D0 /* SQLViewController.m in Sources */ = {isa = PBXBuildFile; fileRef = 9F53D22320FDDCC400D327D0 /* SQLViewController.m */; };
		9F53D22520FDDCC400D327D0 /* SQLViewController.m in Sources */ = {isa = PBXBuildFile; fileRef = 9F53D22320FDDCC400D327D0 /* SQLViewController.m */; };
		9F53D22920FDE55400D327D0 /* DBManager.m in Sources */ = {isa = PBXBuildFile; fileRef = 9F53D22820FDE55400D327D0 /* DBManager.m */; };
		9F53D22A20FDE55400D327D0 /* DBManager.m in Sources */ = {isa = PBXBuildFile; fileRef = 9F53D22820FDE55400D327D0 /* DBManager.m */; };
		9F53D22D20FF0BC100D327D0 /* DBUserModel.m in Sources */ = {isa = PBXBuildFile; fileRef = 9F53D22C20FF0BC100D327D0 /* DBUserModel.m */; };
		9F53D22E20FF0BC100D327D0 /* DBUserModel.m in Sources */ = {isa = PBXBuildFile; fileRef = 9F53D22C20FF0BC100D327D0 /* DBUserModel.m */; };
		9F53D23121006B9900D327D0 /* BaseModel.m in Sources */ = {isa = PBXBuildFile; fileRef = 9F53D23021006B9900D327D0 /* BaseModel.m */; };
		9F53D23221006B9900D327D0 /* BaseModel.m in Sources */ = {isa = PBXBuildFile; fileRef = 9F53D23021006B9900D327D0 /* BaseModel.m */; };
		9F60A7B1212A93CA00D2C487 /* NSFileTool.m in Sources */ = {isa = PBXBuildFile; fileRef = 9F60A7B0212A93CA00D2C487 /* NSFileTool.m */; };
		9F60A7B2212A93CA00D2C487 /* NSFileTool.m in Sources */ = {isa = PBXBuildFile; fileRef = 9F60A7B0212A93CA00D2C487 /* NSFileTool.m */; };
		9FD0BBAD20EE11D300ACF2BD /* JSAndOCViewController.m in Sources */ = {isa = PBXBuildFile; fileRef = 9FD0BBAC20EE11D300ACF2BD /* JSAndOCViewController.m */; };
		9FD0BBB020EE1C0900ACF2BD /* WKWebViewMessageHandler.html in Resources */ = {isa = PBXBuildFile; fileRef = 9FD0BBAF20EE1C0900ACF2BD /* WKWebViewMessageHandler.html */; };
		9FE7A2BB2111B1880048776E /* SDKViewController.m in Sources */ = {isa = PBXBuildFile; fileRef = 9FE7A2B92111B1880048776E /* SDKViewController.m */; };
		9FE7A2BC2111B1880048776E /* SDKViewController.m in Sources */ = {isa = PBXBuildFile; fileRef = 9FE7A2B92111B1880048776E /* SDKViewController.m */; };
		9FE7A2BE2111B1B50048776E /* File.m in Sources */ = {isa = PBXBuildFile; fileRef = 9FE7A2BD2111B1B50048776E /* File.m */; };
		9FE7A2BF2111B1B50048776E /* File.m in Sources */ = {isa = PBXBuildFile; fileRef = 9FE7A2BD2111B1B50048776E /* File.m */; };
		9FE7A2C32111B66A0048776E /* SdkView.m in Sources */ = {isa = PBXBuildFile; fileRef = 9FE7A2C22111B66A0048776E /* SdkView.m */; };
		9FE7A2C42111B66A0048776E /* SdkView.m in Sources */ = {isa = PBXBuildFile; fileRef = 9FE7A2C22111B66A0048776E /* SdkView.m */; };
		9FE7A2C82112A6530048776E /* UIScrollView+UITouch.m in Sources */ = {isa = PBXBuildFile; fileRef = 9FE7A2C62112A6530048776E /* UIScrollView+UITouch.m */; };
		9FE7A2C92112A6530048776E /* UIScrollView+UITouch.m in Sources */ = {isa = PBXBuildFile; fileRef = 9FE7A2C62112A6530048776E /* UIScrollView+UITouch.m */; };
		9FEEFE3221354CC000736430 /* SUNLbundle.bundle in Resources */ = {isa = PBXBuildFile; fileRef = 9FEEFE3121354CC000736430 /* SUNLbundle.bundle */; };
		9FEEFE3321354CC000736430 /* SUNLbundle.bundle in Resources */ = {isa = PBXBuildFile; fileRef = 9FEEFE3121354CC000736430 /* SUNLbundle.bundle */; };
		9FEEFE3621354DF200736430 /* BundleSdk.m in Sources */ = {isa = PBXBuildFile; fileRef = 9FEEFE3521354DF200736430 /* BundleSdk.m */; };
		9FEEFE3721354DF200736430 /* BundleSdk.m in Sources */ = {isa = PBXBuildFile; fileRef = 9FEEFE3521354DF200736430 /* BundleSdk.m */; };
		DC9365C9EF0934A30878FCF6 /* libPods-Sungh.a in Frameworks */ = {isa = PBXBuildFile; fileRef = 0CAE2610263CF9394B0697D3 /* libPods-Sungh.a */; };
/* End PBXBuildFile section */

/* Begin PBXFileReference section */
		0CAE2610263CF9394B0697D3 /* libPods-Sungh.a */ = {isa = PBXFileReference; explicitFileType = archive.ar; includeInIndex = 0; path = "libPods-Sungh.a"; sourceTree = BUILT_PRODUCTS_DIR; };
		391D30E298205130E0E46C68 /* Pods-Sungh.debug.xcconfig */ = {isa = PBXFileReference; includeInIndex = 1; lastKnownFileType = text.xcconfig; name = "Pods-Sungh.debug.xcconfig"; path = "Pods/Target Support Files/Pods-Sungh/Pods-Sungh.debug.xcconfig"; sourceTree = "<group>"; };
		9F1DB51320E0BE6F0014E9FC /* Sungh.app */ = {isa = PBXFileReference; explicitFileType = wrapper.application; includeInIndex = 0; path = Sungh.app; sourceTree = BUILT_PRODUCTS_DIR; };
		9F1DB51620E0BE6F0014E9FC /* AppDelegate.h */ = {isa = PBXFileReference; lastKnownFileType = sourcecode.c.h; path = AppDelegate.h; sourceTree = "<group>"; };
		9F1DB51720E0BE6F0014E9FC /* AppDelegate.m */ = {isa = PBXFileReference; lastKnownFileType = sourcecode.c.objc; path = AppDelegate.m; sourceTree = "<group>"; };
		9F1DB51920E0BE6F0014E9FC /* ViewController.h */ = {isa = PBXFileReference; lastKnownFileType = sourcecode.c.h; path = ViewController.h; sourceTree = "<group>"; };
		9F1DB51A20E0BE6F0014E9FC /* ViewController.m */ = {isa = PBXFileReference; lastKnownFileType = sourcecode.c.objc; path = ViewController.m; sourceTree = "<group>"; };
		9F1DB51D20E0BE6F0014E9FC /* Base */ = {isa = PBXFileReference; lastKnownFileType = file.storyboard; name = Base; path = Base.lproj/Main.storyboard; sourceTree = "<group>"; };
		9F1DB51F20E0BE720014E9FC /* Assets.xcassets */ = {isa = PBXFileReference; lastKnownFileType = folder.assetcatalog; path = Assets.xcassets; sourceTree = "<group>"; };
		9F1DB52220E0BE720014E9FC /* Base */ = {isa = PBXFileReference; lastKnownFileType = file.storyboard; name = Base; path = Base.lproj/LaunchScreen.storyboard; sourceTree = "<group>"; };
		9F1DB52420E0BE720014E9FC /* Info.plist */ = {isa = PBXFileReference; lastKnownFileType = text.plist.xml; path = Info.plist; sourceTree = "<group>"; };
		9F1DB52520E0BE720014E9FC /* main.m */ = {isa = PBXFileReference; lastKnownFileType = sourcecode.c.objc; path = main.m; sourceTree = "<group>"; };
		9F1DB52C20E0C3E10014E9FC /* sungh.pch */ = {isa = PBXFileReference; lastKnownFileType = sourcecode.c.h; path = sungh.pch; sourceTree = "<group>"; };
		9F53D20E20FDB72100D327D0 /* Sungh_dev-Info.plist */ = {isa = PBXFileReference; lastKnownFileType = text.plist.xml; name = "Sungh_dev-Info.plist"; path = "/Users/yonyouqiche/Desktop/Sungh/Sungh_dev-Info.plist"; sourceTree = "<absolute>"; };
		9F53D21F20FDB79300D327D0 /* Sungh_dev.app */ = {isa = PBXFileReference; explicitFileType = wrapper.application; includeInIndex = 0; path = Sungh_dev.app; sourceTree = BUILT_PRODUCTS_DIR; };
		9F53D22220FDDCC400D327D0 /* SQLViewController.h */ = {isa = PBXFileReference; lastKnownFileType = sourcecode.c.h; path = SQLViewController.h; sourceTree = "<group>"; };
		9F53D22320FDDCC400D327D0 /* SQLViewController.m */ = {isa = PBXFileReference; lastKnownFileType = sourcecode.c.objc; path = SQLViewController.m; sourceTree = "<group>"; };
		9F53D22720FDE55400D327D0 /* DBManager.h */ = {isa = PBXFileReference; lastKnownFileType = sourcecode.c.h; path = DBManager.h; sourceTree = "<group>"; };
		9F53D22820FDE55400D327D0 /* DBManager.m */ = {isa = PBXFileReference; lastKnownFileType = sourcecode.c.objc; path = DBManager.m; sourceTree = "<group>"; };
		9F53D22B20FF0BC100D327D0 /* DBUserModel.h */ = {isa = PBXFileReference; lastKnownFileType = sourcecode.c.h; path = DBUserModel.h; sourceTree = "<group>"; };
		9F53D22C20FF0BC100D327D0 /* DBUserModel.m */ = {isa = PBXFileReference; lastKnownFileType = sourcecode.c.objc; path = DBUserModel.m; sourceTree = "<group>"; };
		9F53D22F21006B9900D327D0 /* BaseModel.h */ = {isa = PBXFileReference; lastKnownFileType = sourcecode.c.h; path = BaseModel.h; sourceTree = "<group>"; };
		9F53D23021006B9900D327D0 /* BaseModel.m */ = {isa = PBXFileReference; lastKnownFileType = sourcecode.c.objc; path = BaseModel.m; sourceTree = "<group>"; };
		9F60A7AF212A93CA00D2C487 /* NSFileTool.h */ = {isa = PBXFileReference; lastKnownFileType = sourcecode.c.h; path = NSFileTool.h; sourceTree = "<group>"; };
		9F60A7B0212A93CA00D2C487 /* NSFileTool.m */ = {isa = PBXFileReference; lastKnownFileType = sourcecode.c.objc; path = NSFileTool.m; sourceTree = "<group>"; };
		9FD0BBAB20EE11D300ACF2BD /* JSAndOCViewController.h */ = {isa = PBXFileReference; lastKnownFileType = sourcecode.c.h; path = JSAndOCViewController.h; sourceTree = "<group>"; };
		9FD0BBAC20EE11D300ACF2BD /* JSAndOCViewController.m */ = {isa = PBXFileReference; lastKnownFileType = sourcecode.c.objc; path = JSAndOCViewController.m; sourceTree = "<group>"; };
		9FD0BBAF20EE1C0900ACF2BD /* WKWebViewMessageHandler.html */ = {isa = PBXFileReference; fileEncoding = 4; lastKnownFileType = text.html; path = WKWebViewMessageHandler.html; sourceTree = "<group>"; };
		9FE7A2B92111B1880048776E /* SDKViewController.m */ = {isa = PBXFileReference; fileEncoding = 4; lastKnownFileType = sourcecode.c.objc; path = SDKViewController.m; sourceTree = "<group>"; };
		9FE7A2BA2111B1880048776E /* SDKViewController.h */ = {isa = PBXFileReference; fileEncoding = 4; lastKnownFileType = sourcecode.c.h; path = SDKViewController.h; sourceTree = "<group>"; };
		9FE7A2BD2111B1B50048776E /* File.m */ = {isa = PBXFileReference; fileEncoding = 4; lastKnownFileType = sourcecode.c.objc; path = File.m; sourceTree = "<group>"; };
		9FE7A2C02111B1FF0048776E /* File.h */ = {isa = PBXFileReference; fileEncoding = 4; lastKnownFileType = sourcecode.c.h; path = File.h; sourceTree = "<group>"; };
		9FE7A2C12111B66A0048776E /* SdkView.h */ = {isa = PBXFileReference; lastKnownFileType = sourcecode.c.h; path = SdkView.h; sourceTree = "<group>"; };
		9FE7A2C22111B66A0048776E /* SdkView.m */ = {isa = PBXFileReference; lastKnownFileType = sourcecode.c.objc; path = SdkView.m; sourceTree = "<group>"; };
		9FE7A2C62112A6530048776E /* UIScrollView+UITouch.m */ = {isa = PBXFileReference; fileEncoding = 4; lastKnownFileType = sourcecode.c.objc; path = "UIScrollView+UITouch.m"; sourceTree = "<group>"; };
		9FE7A2C72112A6530048776E /* UIScrollView+UITouch.h */ = {isa = PBXFileReference; fileEncoding = 4; lastKnownFileType = sourcecode.c.h; path = "UIScrollView+UITouch.h"; sourceTree = "<group>"; };
		9FEEFE3121354CC000736430 /* SUNLbundle.bundle */ = {isa = PBXFileReference; lastKnownFileType = "wrapper.plug-in"; path = SUNLbundle.bundle; sourceTree = "<group>"; };
		9FEEFE3421354DF200736430 /* BundleSdk.h */ = {isa = PBXFileReference; lastKnownFileType = sourcecode.c.h; path = BundleSdk.h; sourceTree = "<group>"; };
		9FEEFE3521354DF200736430 /* BundleSdk.m */ = {isa = PBXFileReference; lastKnownFileType = sourcecode.c.objc; path = BundleSdk.m; sourceTree = "<group>"; };
		A1224607F71412690A88684D /* Pods-Sungh.release.xcconfig */ = {isa = PBXFileReference; includeInIndex = 1; lastKnownFileType = text.xcconfig; name = "Pods-Sungh.release.xcconfig"; path = "Pods/Target Support Files/Pods-Sungh/Pods-Sungh.release.xcconfig"; sourceTree = "<group>"; };
/* End PBXFileReference section */

/* Begin PBXFrameworksBuildPhase section */
		9F1DB51020E0BE6F0014E9FC /* Frameworks */ = {
			isa = PBXFrameworksBuildPhase;
			buildActionMask = 2147483647;
			files = (
				DC9365C9EF0934A30878FCF6 /* libPods-Sungh.a in Frameworks */,
			);
			runOnlyForDeploymentPostprocessing = 0;
		};
		9F53D21620FDB79300D327D0 /* Frameworks */ = {
			isa = PBXFrameworksBuildPhase;
			buildActionMask = 2147483647;
			files = (
			);
			runOnlyForDeploymentPostprocessing = 0;
		};
/* End PBXFrameworksBuildPhase section */

/* Begin PBXGroup section */
		1D1304BF9CF3784FCBF8EE49 /* Frameworks */ = {
			isa = PBXGroup;
			children = (
				0CAE2610263CF9394B0697D3 /* libPods-Sungh.a */,
			);
			name = Frameworks;
			sourceTree = "<group>";
		};
		9F1DB50A20E0BE6F0014E9FC = {
			isa = PBXGroup;
			children = (
				9FEEFE3121354CC000736430 /* SUNLbundle.bundle */,
				9F1DB51520E0BE6F0014E9FC /* Sungh */,
				9F1DB51420E0BE6F0014E9FC /* Products */,
				9F53D20E20FDB72100D327D0 /* Sungh_dev-Info.plist */,
				E397F875BD179A9770AC0336 /* Pods */,
				1D1304BF9CF3784FCBF8EE49 /* Frameworks */,
			);
			sourceTree = "<group>";
		};
		9F1DB51420E0BE6F0014E9FC /* Products */ = {
			isa = PBXGroup;
			children = (
				9F1DB51320E0BE6F0014E9FC /* Sungh.app */,
				9F53D21F20FDB79300D327D0 /* Sungh_dev.app */,
			);
			name = Products;
			sourceTree = "<group>";
		};
		9F1DB51520E0BE6F0014E9FC /* Sungh */ = {
			isa = PBXGroup;
			children = (
				9F1DB51620E0BE6F0014E9FC /* AppDelegate.h */,
				9F1DB51720E0BE6F0014E9FC /* AppDelegate.m */,
				9F1DB51920E0BE6F0014E9FC /* ViewController.h */,
				9F1DB51A20E0BE6F0014E9FC /* ViewController.m */,
				A423AC3D213853250028BAEC /* 类别 */,
				9F60A7AE212A939E00D2C487 /* 文件存储 */,
				9FE7A2C52112A6200048776E /* Tools */,
				9FE7A2B82111B1880048776E /* SDK */,
				9F53D22120FDDCA600D327D0 /* sql */,
				9FD0BBAA20EE11AB00ACF2BD /* js&&oc */,
				9F1DB52C20E0C3E10014E9FC /* sungh.pch */,
				9FE7A2C02111B1FF0048776E /* File.h */,
				9FE7A2BD2111B1B50048776E /* File.m */,
				9F1DB51C20E0BE6F0014E9FC /* Main.storyboard */,
				9F1DB51F20E0BE720014E9FC /* Assets.xcassets */,
				9F1DB52120E0BE720014E9FC /* LaunchScreen.storyboard */,
				9F1DB52420E0BE720014E9FC /* Info.plist */,
				9F1DB52520E0BE720014E9FC /* main.m */,
			);
			path = Sungh;
			sourceTree = "<group>";
		};
		9F53D22120FDDCA600D327D0 /* sql */ = {
			isa = PBXGroup;
			children = (
				9F53D22220FDDCC400D327D0 /* SQLViewController.h */,
				9F53D22320FDDCC400D327D0 /* SQLViewController.m */,
				9F53D22620FDE52D00D327D0 /* db */,
			);
			path = sql;
			sourceTree = "<group>";
		};
		9F53D22620FDE52D00D327D0 /* db */ = {
			isa = PBXGroup;
			children = (
				9F53D22720FDE55400D327D0 /* DBManager.h */,
				9F53D22820FDE55400D327D0 /* DBManager.m */,
				9F53D22B20FF0BC100D327D0 /* DBUserModel.h */,
				9F53D22C20FF0BC100D327D0 /* DBUserModel.m */,
				9F53D22F21006B9900D327D0 /* BaseModel.h */,
				9F53D23021006B9900D327D0 /* BaseModel.m */,
			);
			path = db;
			sourceTree = "<group>";
		};
		9F60A7AE212A939E00D2C487 /* 文件存储 */ = {
			isa = PBXGroup;
			children = (
				9F60A7AF212A93CA00D2C487 /* NSFileTool.h */,
				9F60A7B0212A93CA00D2C487 /* NSFileTool.m */,
			);
			path = "文件存储";
			sourceTree = "<group>";
		};
		9FD0BBAA20EE11AB00ACF2BD /* js&&oc */ = {
			isa = PBXGroup;
			children = (
				9FD0BBAB20EE11D300ACF2BD /* JSAndOCViewController.h */,
				9FD0BBAC20EE11D300ACF2BD /* JSAndOCViewController.m */,
				9FD0BBAE20EE126F00ACF2BD /* resources */,
			);
			path = "js&&oc";
			sourceTree = "<group>";
		};
		9FD0BBAE20EE126F00ACF2BD /* resources */ = {
			isa = PBXGroup;
			children = (
				9FD0BBAF20EE1C0900ACF2BD /* WKWebViewMessageHandler.html */,
			);
			path = resources;
			sourceTree = "<group>";
		};
		9FE7A2B82111B1880048776E /* SDK */ = {
			isa = PBXGroup;
			children = (
				9FE7A2BA2111B1880048776E /* SDKViewController.h */,
				9FE7A2B92111B1880048776E /* SDKViewController.m */,
				9FE7A2C12111B66A0048776E /* SdkView.h */,
				9FE7A2C22111B66A0048776E /* SdkView.m */,
				9FEEFE3421354DF200736430 /* BundleSdk.h */,
				9FEEFE3521354DF200736430 /* BundleSdk.m */,
			);
			path = SDK;
			sourceTree = "<group>";
		};
		9FE7A2C52112A6200048776E /* Tools */ = {
			isa = PBXGroup;
			children = (
				9FE7A2C72112A6530048776E /* UIScrollView+UITouch.h */,
				9FE7A2C62112A6530048776E /* UIScrollView+UITouch.m */,
			);
			path = Tools;
			sourceTree = "<group>";
		};
		A423AC3D213853250028BAEC /* 类别 */ = {
			isa = PBXGroup;
			children = (
			);
			path = "类别";
			sourceTree = "<group>";
		};
		E397F875BD179A9770AC0336 /* Pods */ = {
			isa = PBXGroup;
			children = (
				391D30E298205130E0E46C68 /* Pods-Sungh.debug.xcconfig */,
				A1224607F71412690A88684D /* Pods-Sungh.release.xcconfig */,
			);
			name = Pods;
			sourceTree = "<group>";
		};
/* End PBXGroup section */

/* Begin PBXNativeTarget section */
		9F1DB51220E0BE6F0014E9FC /* Sungh */ = {
			isa = PBXNativeTarget;
			buildConfigurationList = 9F1DB52920E0BE720014E9FC /* Build configuration list for PBXNativeTarget "Sungh" */;
			buildPhases = (
				ED560E8B77F164BBC25E5573 /* [CP] Check Pods Manifest.lock */,
				9F1DB50F20E0BE6F0014E9FC /* Sources */,
				9F1DB51020E0BE6F0014E9FC /* Frameworks */,
				9F1DB51120E0BE6F0014E9FC /* Resources */,
				A3C7AC45E6848B14ED143EAF /* [CP] Copy Pods Resources */,
			);
			buildRules = (
			);
			dependencies = (
			);
			name = Sungh;
			productName = Sungh;
			productReference = 9F1DB51320E0BE6F0014E9FC /* Sungh.app */;
			productType = "com.apple.product-type.application";
		};
		9F53D20F20FDB79300D327D0 /* Sungh_dev */ = {
			isa = PBXNativeTarget;
			buildConfigurationList = 9F53D21C20FDB79300D327D0 /* Build configuration list for PBXNativeTarget "Sungh_dev" */;
			buildPhases = (
				9F53D21020FDB79300D327D0 /* Sources */,
				9F53D21620FDB79300D327D0 /* Frameworks */,
				9F53D21720FDB79300D327D0 /* Resources */,
			);
			buildRules = (
			);
			dependencies = (
			);
			name = Sungh_dev;
			productName = Sungh;
			productReference = 9F53D21F20FDB79300D327D0 /* Sungh_dev.app */;
			productType = "com.apple.product-type.application";
		};
/* End PBXNativeTarget section */

/* Begin PBXProject section */
		9F1DB50B20E0BE6F0014E9FC /* Project object */ = {
			isa = PBXProject;
			attributes = {
				LastUpgradeCheck = 0930;
				ORGANIZATIONNAME = yonyouqiche;
				TargetAttributes = {
					9F1DB51220E0BE6F0014E9FC = {
						CreatedOnToolsVersion = 9.3;
					};
				};
			};
			buildConfigurationList = 9F1DB50E20E0BE6F0014E9FC /* Build configuration list for PBXProject "Sungh" */;
			compatibilityVersion = "Xcode 9.3";
			developmentRegion = en;
			hasScannedForEncodings = 0;
			knownRegions = (
				en,
				Base,
			);
			mainGroup = 9F1DB50A20E0BE6F0014E9FC;
			productRefGroup = 9F1DB51420E0BE6F0014E9FC /* Products */;
			projectDirPath = "";
			projectRoot = "";
			targets = (
				9F1DB51220E0BE6F0014E9FC /* Sungh */,
				9F53D20F20FDB79300D327D0 /* Sungh_dev */,
			);
		};
/* End PBXProject section */

/* Begin PBXResourcesBuildPhase section */
		9F1DB51120E0BE6F0014E9FC /* Resources */ = {
			isa = PBXResourcesBuildPhase;
			buildActionMask = 2147483647;
			files = (
				9FEEFE3221354CC000736430 /* SUNLbundle.bundle in Resources */,
				9F1DB52320E0BE720014E9FC /* LaunchScreen.storyboard in Resources */,
				9FD0BBB020EE1C0900ACF2BD /* WKWebViewMessageHandler.html in Resources */,
				9F1DB52020E0BE720014E9FC /* Assets.xcassets in Resources */,
				9F1DB51E20E0BE6F0014E9FC /* Main.storyboard in Resources */,
			);
			runOnlyForDeploymentPostprocessing = 0;
		};
		9F53D21720FDB79300D327D0 /* Resources */ = {
			isa = PBXResourcesBuildPhase;
			buildActionMask = 2147483647;
			files = (
				9FEEFE3321354CC000736430 /* SUNLbundle.bundle in Resources */,
				9F53D21820FDB79300D327D0 /* LaunchScreen.storyboard in Resources */,
				9F53D21920FDB79300D327D0 /* WKWebViewMessageHandler.html in Resources */,
				9F53D21A20FDB79300D327D0 /* Assets.xcassets in Resources */,
				9F53D21B20FDB79300D327D0 /* Main.storyboard in Resources */,
			);
			runOnlyForDeploymentPostprocessing = 0;
		};
/* End PBXResourcesBuildPhase section */

/* Begin PBXShellScriptBuildPhase section */
		A3C7AC45E6848B14ED143EAF /* [CP] Copy Pods Resources */ = {
			isa = PBXShellScriptBuildPhase;
			buildActionMask = 2147483647;
			files = (
			);
			inputPaths = (
				"${SRCROOT}/Pods/Target Support Files/Pods-Sungh/Pods-Sungh-resources.sh",
				"${PODS_ROOT}/IQKeyboardManager/IQKeyboardManager/Resources/IQKeyboardManager.bundle",
				"${PODS_ROOT}/MJRefresh/MJRefresh/MJRefresh.bundle",
				"${PODS_ROOT}/SVProgressHUD/SVProgressHUD/SVProgressHUD.bundle",
			);
			name = "[CP] Copy Pods Resources";
			outputPaths = (
				"${TARGET_BUILD_DIR}/${UNLOCALIZED_RESOURCES_FOLDER_PATH}/IQKeyboardManager.bundle",
				"${TARGET_BUILD_DIR}/${UNLOCALIZED_RESOURCES_FOLDER_PATH}/MJRefresh.bundle",
				"${TARGET_BUILD_DIR}/${UNLOCALIZED_RESOURCES_FOLDER_PATH}/SVProgressHUD.bundle",
			);
			runOnlyForDeploymentPostprocessing = 0;
			shellPath = /bin/sh;
			shellScript = "\"${SRCROOT}/Pods/Target Support Files/Pods-Sungh/Pods-Sungh-resources.sh\"\n";
			showEnvVarsInLog = 0;
		};
		ED560E8B77F164BBC25E5573 /* [CP] Check Pods Manifest.lock */ = {
			isa = PBXShellScriptBuildPhase;
			buildActionMask = 2147483647;
			files = (
			);
			inputPaths = (
				"${PODS_PODFILE_DIR_PATH}/Podfile.lock",
				"${PODS_ROOT}/Manifest.lock",
			);
			name = "[CP] Check Pods Manifest.lock";
			outputPaths = (
				"$(DERIVED_FILE_DIR)/Pods-Sungh-checkManifestLockResult.txt",
			);
			runOnlyForDeploymentPostprocessing = 0;
			shellPath = /bin/sh;
			shellScript = "diff \"${PODS_PODFILE_DIR_PATH}/Podfile.lock\" \"${PODS_ROOT}/Manifest.lock\" > /dev/null\nif [ $? != 0 ] ; then\n    # print error to STDERR\n    echo \"error: The sandbox is not in sync with the Podfile.lock. Run 'pod install' or update your CocoaPods installation.\" >&2\n    exit 1\nfi\n# This output is used by Xcode 'outputs' to avoid re-running this script phase.\necho \"SUCCESS\" > \"${SCRIPT_OUTPUT_FILE_0}\"\n";
			showEnvVarsInLog = 0;
		};
/* End PBXShellScriptBuildPhase section */

/* Begin PBXSourcesBuildPhase section */
		9F1DB50F20E0BE6F0014E9FC /* Sources */ = {
			isa = PBXSourcesBuildPhase;
			buildActionMask = 2147483647;
			files = (
				9F53D23121006B9900D327D0 /* BaseModel.m in Sources */,
				9F53D22920FDE55400D327D0 /* DBManager.m in Sources */,
				9F60A7B1212A93CA00D2C487 /* NSFileTool.m in Sources */,
				9F53D22420FDDCC400D327D0 /* SQLViewController.m in Sources */,
				9F1DB51B20E0BE6F0014E9FC /* ViewController.m in Sources */,
				9F1DB52620E0BE720014E9FC /* main.m in Sources */,
				9FEEFE3621354DF200736430 /* BundleSdk.m in Sources */,
				9FE7A2C82112A6530048776E /* UIScrollView+UITouch.m in Sources */,
				9FE7A2BE2111B1B50048776E /* File.m in Sources */,
				9F1DB51820E0BE6F0014E9FC /* AppDelegate.m in Sources */,
				9FE7A2BB2111B1880048776E /* SDKViewController.m in Sources */,
				9FE7A2C32111B66A0048776E /* SdkView.m in Sources */,
				9F53D22D20FF0BC100D327D0 /* DBUserModel.m in Sources */,
				9FD0BBAD20EE11D300ACF2BD /* JSAndOCViewController.m in Sources */,
			);
			runOnlyForDeploymentPostprocessing = 0;
		};
		9F53D21020FDB79300D327D0 /* Sources */ = {
			isa = PBXSourcesBuildPhase;
			buildActionMask = 2147483647;
			files = (
				9F53D23221006B9900D327D0 /* BaseModel.m in Sources */,
				9F53D22A20FDE55400D327D0 /* DBManager.m in Sources */,
				9F60A7B2212A93CA00D2C487 /* NSFileTool.m in Sources */,
				9F53D22520FDDCC400D327D0 /* SQLViewController.m in Sources */,
				9F53D21220FDB79300D327D0 /* ViewController.m in Sources */,
				9F53D21320FDB79300D327D0 /* main.m in Sources */,
				9FEEFE3721354DF200736430 /* BundleSdk.m in Sources */,
				9FE7A2C92112A6530048776E /* UIScrollView+UITouch.m in Sources */,
				9FE7A2BF2111B1B50048776E /* File.m in Sources */,
				9F53D21420FDB79300D327D0 /* AppDelegate.m in Sources */,
				9FE7A2BC2111B1880048776E /* SDKViewController.m in Sources */,
				9FE7A2C42111B66A0048776E /* SdkView.m in Sources */,
				9F53D22E20FF0BC100D327D0 /* DBUserModel.m in Sources */,
				9F53D21520FDB79300D327D0 /* JSAndOCViewController.m in Sources */,
			);
			runOnlyForDeploymentPostprocessing = 0;
		};
/* End PBXSourcesBuildPhase section */

/* Begin PBXVariantGroup section */
		9F1DB51C20E0BE6F0014E9FC /* Main.storyboard */ = {
			isa = PBXVariantGroup;
			children = (
				9F1DB51D20E0BE6F0014E9FC /* Base */,
			);
			name = Main.storyboard;
			sourceTree = "<group>";
		};
		9F1DB52120E0BE720014E9FC /* LaunchScreen.storyboard */ = {
			isa = PBXVariantGroup;
			children = (
				9F1DB52220E0BE720014E9FC /* Base */,
			);
			name = LaunchScreen.storyboard;
			sourceTree = "<group>";
		};
/* End PBXVariantGroup section */

/* Begin XCBuildConfiguration section */
		9F1DB52720E0BE720014E9FC /* Debug */ = {
			isa = XCBuildConfiguration;
			buildSettings = {
				ALWAYS_SEARCH_USER_PATHS = NO;
				CLANG_ANALYZER_NONNULL = YES;
				CLANG_ANALYZER_NUMBER_OBJECT_CONVERSION = YES_AGGRESSIVE;
				CLANG_CXX_LANGUAGE_STANDARD = "gnu++14";
				CLANG_CXX_LIBRARY = "libc++";
				CLANG_ENABLE_MODULES = YES;
				CLANG_ENABLE_OBJC_ARC = YES;
				CLANG_ENABLE_OBJC_WEAK = YES;
				CLANG_WARN_BLOCK_CAPTURE_AUTORELEASING = YES;
				CLANG_WARN_BOOL_CONVERSION = YES;
				CLANG_WARN_COMMA = YES;
				CLANG_WARN_CONSTANT_CONVERSION = YES;
				CLANG_WARN_DEPRECATED_OBJC_IMPLEMENTATIONS = YES;
				CLANG_WARN_DIRECT_OBJC_ISA_USAGE = YES_ERROR;
				CLANG_WARN_DOCUMENTATION_COMMENTS = YES;
				CLANG_WARN_EMPTY_BODY = YES;
				CLANG_WARN_ENUM_CONVERSION = YES;
				CLANG_WARN_INFINITE_RECURSION = YES;
				CLANG_WARN_INT_CONVERSION = YES;
				CLANG_WARN_NON_LITERAL_NULL_CONVERSION = YES;
				CLANG_WARN_OBJC_IMPLICIT_RETAIN_SELF = YES;
				CLANG_WARN_OBJC_LITERAL_CONVERSION = YES;
				CLANG_WARN_OBJC_ROOT_CLASS = YES_ERROR;
				CLANG_WARN_RANGE_LOOP_ANALYSIS = YES;
				CLANG_WARN_STRICT_PROTOTYPES = YES;
				CLANG_WARN_SUSPICIOUS_MOVE = YES;
				CLANG_WARN_UNGUARDED_AVAILABILITY = YES_AGGRESSIVE;
				CLANG_WARN_UNREACHABLE_CODE = YES;
				CLANG_WARN__DUPLICATE_METHOD_MATCH = YES;
				CODE_SIGN_IDENTITY = "iPhone Developer";
				COPY_PHASE_STRIP = NO;
				DEBUG_INFORMATION_FORMAT = dwarf;
				ENABLE_STRICT_OBJC_MSGSEND = YES;
				ENABLE_TESTABILITY = YES;
				GCC_C_LANGUAGE_STANDARD = gnu11;
				GCC_DYNAMIC_NO_PIC = NO;
				GCC_NO_COMMON_BLOCKS = YES;
				GCC_OPTIMIZATION_LEVEL = 0;
				GCC_PREPROCESSOR_DEFINITIONS = (
					"DEBUG=1",
					"$(inherited)",
				);
				GCC_WARN_64_TO_32_BIT_CONVERSION = YES;
				GCC_WARN_ABOUT_RETURN_TYPE = YES_ERROR;
				GCC_WARN_UNDECLARED_SELECTOR = YES;
				GCC_WARN_UNINITIALIZED_AUTOS = YES_AGGRESSIVE;
				GCC_WARN_UNUSED_FUNCTION = YES;
				GCC_WARN_UNUSED_VARIABLE = YES;
				IPHONEOS_DEPLOYMENT_TARGET = 11.3;
				MTL_ENABLE_DEBUG_INFO = YES;
				ONLY_ACTIVE_ARCH = YES;
				SDKROOT = iphoneos;
			};
			name = Debug;
		};
		9F1DB52820E0BE720014E9FC /* Release */ = {
			isa = XCBuildConfiguration;
			buildSettings = {
				ALWAYS_SEARCH_USER_PATHS = NO;
				CLANG_ANALYZER_NONNULL = YES;
				CLANG_ANALYZER_NUMBER_OBJECT_CONVERSION = YES_AGGRESSIVE;
				CLANG_CXX_LANGUAGE_STANDARD = "gnu++14";
				CLANG_CXX_LIBRARY = "libc++";
				CLANG_ENABLE_MODULES = YES;
				CLANG_ENABLE_OBJC_ARC = YES;
				CLANG_ENABLE_OBJC_WEAK = YES;
				CLANG_WARN_BLOCK_CAPTURE_AUTORELEASING = YES;
				CLANG_WARN_BOOL_CONVERSION = YES;
				CLANG_WARN_COMMA = YES;
				CLANG_WARN_CONSTANT_CONVERSION = YES;
				CLANG_WARN_DEPRECATED_OBJC_IMPLEMENTATIONS = YES;
				CLANG_WARN_DIRECT_OBJC_ISA_USAGE = YES_ERROR;
				CLANG_WARN_DOCUMENTATION_COMMENTS = YES;
				CLANG_WARN_EMPTY_BODY = YES;
				CLANG_WARN_ENUM_CONVERSION = YES;
				CLANG_WARN_INFINITE_RECURSION = YES;
				CLANG_WARN_INT_CONVERSION = YES;
				CLANG_WARN_NON_LITERAL_NULL_CONVERSION = YES;
				CLANG_WARN_OBJC_IMPLICIT_RETAIN_SELF = YES;
				CLANG_WARN_OBJC_LITERAL_CONVERSION = YES;
				CLANG_WARN_OBJC_ROOT_CLASS = YES_ERROR;
				CLANG_WARN_RANGE_LOOP_ANALYSIS = YES;
				CLANG_WARN_STRICT_PROTOTYPES = YES;
				CLANG_WARN_SUSPICIOUS_MOVE = YES;
				CLANG_WARN_UNGUARDED_AVAILABILITY = YES_AGGRESSIVE;
				CLANG_WARN_UNREACHABLE_CODE = YES;
				CLANG_WARN__DUPLICATE_METHOD_MATCH = YES;
				CODE_SIGN_IDENTITY = "iPhone Developer";
				COPY_PHASE_STRIP = NO;
				DEBUG_INFORMATION_FORMAT = "dwarf-with-dsym";
				ENABLE_NS_ASSERTIONS = NO;
				ENABLE_STRICT_OBJC_MSGSEND = YES;
				GCC_C_LANGUAGE_STANDARD = gnu11;
				GCC_NO_COMMON_BLOCKS = YES;
				GCC_WARN_64_TO_32_BIT_CONVERSION = YES;
				GCC_WARN_ABOUT_RETURN_TYPE = YES_ERROR;
				GCC_WARN_UNDECLARED_SELECTOR = YES;
				GCC_WARN_UNINITIALIZED_AUTOS = YES_AGGRESSIVE;
				GCC_WARN_UNUSED_FUNCTION = YES;
				GCC_WARN_UNUSED_VARIABLE = YES;
				IPHONEOS_DEPLOYMENT_TARGET = 11.3;
				MTL_ENABLE_DEBUG_INFO = NO;
				SDKROOT = iphoneos;
				VALIDATE_PRODUCT = YES;
			};
			name = Release;
		};
		9F1DB52A20E0BE720014E9FC /* Debug */ = {
			isa = XCBuildConfiguration;
			baseConfigurationReference = 391D30E298205130E0E46C68 /* Pods-Sungh.debug.xcconfig */;
			buildSettings = {
				ASSETCATALOG_COMPILER_APPICON_NAME = AppIcon;
				CODE_SIGN_STYLE = Automatic;
				GCC_PREFIX_HEADER = "$(SRCROOT)/Sungh/sungh.pch";
				GCC_PREPROCESSOR_DEFINITIONS = (
					"Dev=1",
					"DEBUG=1",
					"$(inherited)",
				);
				INFOPLIST_FILE = Sungh/Info.plist;
				LD_RUNPATH_SEARCH_PATHS = (
					"$(inherited)",
					"@executable_path/Frameworks",
				);
				PRODUCT_BUNDLE_IDENTIFIER = yongyou.com.Sungh;
				PRODUCT_NAME = "$(TARGET_NAME)";
				TARGETED_DEVICE_FAMILY = "1,2";
			};
			name = Debug;
		};
		9F1DB52B20E0BE720014E9FC /* Release */ = {
			isa = XCBuildConfiguration;
			baseConfigurationReference = A1224607F71412690A88684D /* Pods-Sungh.release.xcconfig */;
			buildSettings = {
				ASSETCATALOG_COMPILER_APPICON_NAME = AppIcon;
				CODE_SIGN_STYLE = Automatic;
				GCC_PREFIX_HEADER = "$(SRCROOT)/Sungh/sungh.pch";
				GCC_PREPROCESSOR_DEFINITIONS = "Dev=1";
				INFOPLIST_FILE = Sungh/Info.plist;
				LD_RUNPATH_SEARCH_PATHS = (
					"$(inherited)",
					"@executable_path/Frameworks",
				);
				PRODUCT_BUNDLE_IDENTIFIER = yongyou.com.Sungh;
				PRODUCT_NAME = "$(TARGET_NAME)";
				TARGETED_DEVICE_FAMILY = "1,2";
			};
			name = Release;
		};
		9F53D21D20FDB79300D327D0 /* Debug */ = {
			isa = XCBuildConfiguration;
			buildSettings = {
				ASSETCATALOG_COMPILER_APPICON_NAME = AppIcon;
				CODE_SIGN_STYLE = Automatic;
				GCC_PREFIX_HEADER = "$(SRCROOT)/Sungh/sungh.pch";
				GCC_PREPROCESSOR_DEFINITIONS = (
					"DEBUG=1",
					"$(inherited)",
					"Dev=2",
				);
				INFOPLIST_FILE = "$(SRCROOT)/Sungh_dev-Info.plist";
				LD_RUNPATH_SEARCH_PATHS = (
					"$(inherited)",
					"@executable_path/Frameworks",
				);
				PRODUCT_BUNDLE_IDENTIFIER = yongyou.com.Sungh;
				PRODUCT_NAME = "$(TARGET_NAME)";
				TARGETED_DEVICE_FAMILY = "1,2";
			};
			name = Debug;
		};
		9F53D21E20FDB79300D327D0 /* Release */ = {
			isa = XCBuildConfiguration;
			buildSettings = {
				ASSETCATALOG_COMPILER_APPICON_NAME = AppIcon;
				CODE_SIGN_STYLE = Automatic;
				GCC_PREFIX_HEADER = "$(SRCROOT)/Sungh/sungh.pch";
				GCC_PREPROCESSOR_DEFINITIONS = "Dev=2";
				INFOPLIST_FILE = "$(SRCROOT)/Sungh_dev-Info.plist";
				LD_RUNPATH_SEARCH_PATHS = (
					"$(inherited)",
					"@executable_path/Frameworks",
				);
				PRODUCT_BUNDLE_IDENTIFIER = yongyou.com.Sungh;
				PRODUCT_NAME = "$(TARGET_NAME)";
				TARGETED_DEVICE_FAMILY = "1,2";
			};
			name = Release;
		};
/* End XCBuildConfiguration section */

/* Begin XCConfigurationList section */
		9F1DB50E20E0BE6F0014E9FC /* Build configuration list for PBXProject "Sungh" */ = {
			isa = XCConfigurationList;
			buildConfigurations = (
				9F1DB52720E0BE720014E9FC /* Debug */,
				9F1DB52820E0BE720014E9FC /* Release */,
			);
			defaultConfigurationIsVisible = 0;
			defaultConfigurationName = Release;
		};
		9F1DB52920E0BE720014E9FC /* Build configuration list for PBXNativeTarget "Sungh" */ = {
			isa = XCConfigurationList;
			buildConfigurations = (
				9F1DB52A20E0BE720014E9FC /* Debug */,
				9F1DB52B20E0BE720014E9FC /* Release */,
			);
			defaultConfigurationIsVisible = 0;
			defaultConfigurationName = Release;
		};
		9F53D21C20FDB79300D327D0 /* Build configuration list for PBXNativeTarget "Sungh_dev" */ = {
			isa = XCConfigurationList;
			buildConfigurations = (
				9F53D21D20FDB79300D327D0 /* Debug */,
				9F53D21E20FDB79300D327D0 /* Release */,
			);
			defaultConfigurationIsVisible = 0;
			defaultConfigurationName = Release;
		};
/* End XCConfigurationList section */
	};
	rootObject = 9F1DB50B20E0BE6F0014E9FC /* Project object */;
}
