// !$*UTF8*$!
{
	archiveVersion = 1;
	classes = {
	};
	objectVersion = 50;
	objects = {

/* Begin PBXBuildFile section */
		02FADAC2EBE2C74D8DCFDD32 /* Pods_Sungh.framework in Frameworks */ = {isa = PBXBuildFile; fileRef = 00926150950CC2D2E11B2169 /* Pods_Sungh.framework */; };
		9F13FEB32268773600091FA7 /* RACViewModel.m in Sources */ = {isa = PBXBuildFile; fileRef = 9F13FEB22268773600091FA7 /* RACViewModel.m */; };
		9F13FEB622696DF000091FA7 /* RACView.m in Sources */ = {isa = PBXBuildFile; fileRef = 9F13FEB522696DF000091FA7 /* RACView.m */; };
		9F13FEB92269794300091FA7 /* RACTwoViewController.m in Sources */ = {isa = PBXBuildFile; fileRef = 9F13FEB82269794300091FA7 /* RACTwoViewController.m */; };
		9F1DB51820E0BE6F0014E9FC /* AppDelegate.m in Sources */ = {isa = PBXBuildFile; fileRef = 9F1DB51720E0BE6F0014E9FC /* AppDelegate.m */; };
		9F1DB51B20E0BE6F0014E9FC /* ViewController.m in Sources */ = {isa = PBXBuildFile; fileRef = 9F1DB51A20E0BE6F0014E9FC /* ViewController.m */; };
		9F1DB51E20E0BE6F0014E9FC /* Main.storyboard in Resources */ = {isa = PBXBuildFile; fileRef = 9F1DB51C20E0BE6F0014E9FC /* Main.storyboard */; };
		9F1DB52020E0BE720014E9FC /* Assets.xcassets in Resources */ = {isa = PBXBuildFile; fileRef = 9F1DB51F20E0BE720014E9FC /* Assets.xcassets */; };
		9F1DB52320E0BE720014E9FC /* LaunchScreen.storyboard in Resources */ = {isa = PBXBuildFile; fileRef = 9F1DB52120E0BE720014E9FC /* LaunchScreen.storyboard */; };
		9F1DB52620E0BE720014E9FC /* main.m in Sources */ = {isa = PBXBuildFile; fileRef = 9F1DB52520E0BE720014E9FC /* main.m */; };
		9F42E2282192BE4C003A6F38 /* TextFieldViewController.m in Sources */ = {isa = PBXBuildFile; fileRef = 9F42E2252192BE4C003A6F38 /* TextFieldViewController.m */; };
		9F42E2292192BE4C003A6F38 /* TextFieldViewController.xib in Resources */ = {isa = PBXBuildFile; fileRef = 9F42E2262192BE4C003A6F38 /* TextFieldViewController.xib */; };
		9F42E22C2192BE6F003A6F38 /* UITextView+placeHolder.m in Sources */ = {isa = PBXBuildFile; fileRef = 9F42E22B2192BE6F003A6F38 /* UITextView+placeHolder.m */; };
		9F4524B62159D9F800999B07 /* CheckRegularTool.m in Sources */ = {isa = PBXBuildFile; fileRef = 9F4524B52159D9F800999B07 /* CheckRegularTool.m */; };
		9F4524FC215A32B600999B07 /* system2@2x.png in Resources */ = {isa = PBXBuildFile; fileRef = 9F4524FB215A32B600999B07 /* system2@2x.png */; };
		9F4524FF215A3BC300999B07 /* UIButton+Position.m in Sources */ = {isa = PBXBuildFile; fileRef = 9F4524FE215A3BC300999B07 /* UIButton+Position.m */; };
		9F4AD7D022A658F700B99014 /* SynchronizedViewController.m in Sources */ = {isa = PBXBuildFile; fileRef = 9F4AD7CF22A658F700B99014 /* SynchronizedViewController.m */; };
		9F53D22420FDDCC400D327D0 /* SQLViewController.m in Sources */ = {isa = PBXBuildFile; fileRef = 9F53D22320FDDCC400D327D0 /* SQLViewController.m */; };
		9F53D22920FDE55400D327D0 /* DBManager.m in Sources */ = {isa = PBXBuildFile; fileRef = 9F53D22820FDE55400D327D0 /* DBManager.m */; };
		9F53D22D20FF0BC100D327D0 /* DBUserModel.m in Sources */ = {isa = PBXBuildFile; fileRef = 9F53D22C20FF0BC100D327D0 /* DBUserModel.m */; };
		9F53D23121006B9900D327D0 /* BaseModel.m in Sources */ = {isa = PBXBuildFile; fileRef = 9F53D23021006B9900D327D0 /* BaseModel.m */; };
		9F5464F121ABF84A00A7BCFF /* BXTextField.m in Sources */ = {isa = PBXBuildFile; fileRef = 9F5464ED21ABF84A00A7BCFF /* BXTextField.m */; };
		9F5464F221ABF84A00A7BCFF /* UITextField+BXExtension.m in Sources */ = {isa = PBXBuildFile; fileRef = 9F5464EE21ABF84A00A7BCFF /* UITextField+BXExtension.m */; };
		9F5464F321ABF84A00A7BCFF /* UIView+BXExtension.m in Sources */ = {isa = PBXBuildFile; fileRef = 9F5464F021ABF84A00A7BCFF /* UIView+BXExtension.m */; };
		9F60A7B1212A93CA00D2C487 /* NSFileTool.m in Sources */ = {isa = PBXBuildFile; fileRef = 9F60A7B0212A93CA00D2C487 /* NSFileTool.m */; };
		9F7957E4214F92BC00BC6BB1 /* STool.m in Sources */ = {isa = PBXBuildFile; fileRef = 9F7957E3214F92BC00BC6BB1 /* STool.m */; };
		9F795BE52152294C00BC6BB1 /* Pods-Sungh.beat.xcconfig in Resources */ = {isa = PBXBuildFile; fileRef = 9F795BE42152294C00BC6BB1 /* Pods-Sungh.beat.xcconfig */; };
		9F795BE72152296100BC6BB1 /* Pods-Sungh.enterprise.xcconfig in Resources */ = {isa = PBXBuildFile; fileRef = 9F795BE62152296100BC6BB1 /* Pods-Sungh.enterprise.xcconfig */; };
		9F7A60A02266D384002E26ED /* RACViewController.m in Sources */ = {isa = PBXBuildFile; fileRef = 9F7A609F2266D384002E26ED /* RACViewController.m */; };
		9FA60035219DB6CE0031B90F /* NetWorkViewController.m in Sources */ = {isa = PBXBuildFile; fileRef = 9FA60034219DB6CE0031B90F /* NetWorkViewController.m */; };
		9FA8B921225CA3660013B388 /* DownLoadingsViewController.m in Sources */ = {isa = PBXBuildFile; fileRef = 9FA8B91F225CA3660013B388 /* DownLoadingsViewController.m */; };
		9FA8B922225CA3660013B388 /* DownLoadingsViewController.xib in Resources */ = {isa = PBXBuildFile; fileRef = 9FA8B920225CA3660013B388 /* DownLoadingsViewController.xib */; };
		9FA8B926225D8EBF0013B388 /* ArithmeticViewController.m in Sources */ = {isa = PBXBuildFile; fileRef = 9FA8B925225D8EBF0013B388 /* ArithmeticViewController.m */; };
		9FCD894D216C8F7C00982652 /* iphoneSize.jpg in Resources */ = {isa = PBXBuildFile; fileRef = 9FCD894C216C8F7C00982652 /* iphoneSize.jpg */; };
		9FD0BBAD20EE11D300ACF2BD /* JSAndOCViewController.m in Sources */ = {isa = PBXBuildFile; fileRef = 9FD0BBAC20EE11D300ACF2BD /* JSAndOCViewController.m */; };
		9FD0BBB020EE1C0900ACF2BD /* WKWebViewMessageHandler.html in Resources */ = {isa = PBXBuildFile; fileRef = 9FD0BBAF20EE1C0900ACF2BD /* WKWebViewMessageHandler.html */; };
		9FE3557322AF4F2F00B886E0 /* SunghTests.m in Sources */ = {isa = PBXBuildFile; fileRef = 9FE3557222AF4F2F00B886E0 /* SunghTests.m */; };
		9FE3558122AF4F3700B886E0 /* SunghUITests.m in Sources */ = {isa = PBXBuildFile; fileRef = 9FE3558022AF4F3700B886E0 /* SunghUITests.m */; };
		9FE7A2BB2111B1880048776E /* SDKViewController.m in Sources */ = {isa = PBXBuildFile; fileRef = 9FE7A2B92111B1880048776E /* SDKViewController.m */; };
		9FE7A2BE2111B1B50048776E /* File.m in Sources */ = {isa = PBXBuildFile; fileRef = 9FE7A2BD2111B1B50048776E /* File.m */; };
		9FE7A2C32111B66A0048776E /* SdkView.m in Sources */ = {isa = PBXBuildFile; fileRef = 9FE7A2C22111B66A0048776E /* SdkView.m */; };
		9FE7A2C82112A6530048776E /* UIScrollView+UITouch.m in Sources */ = {isa = PBXBuildFile; fileRef = 9FE7A2C62112A6530048776E /* UIScrollView+UITouch.m */; };
		9FEEFE3221354CC000736430 /* SUNLbundle.bundle in Resources */ = {isa = PBXBuildFile; fileRef = 9FEEFE3121354CC000736430 /* SUNLbundle.bundle */; };
		9FEEFE3621354DF200736430 /* BundleSdk.m in Sources */ = {isa = PBXBuildFile; fileRef = 9FEEFE3521354DF200736430 /* BundleSdk.m */; };
		9FF373AA223660770012ADF1 /* VideoViewController.m in Sources */ = {isa = PBXBuildFile; fileRef = 9FF373A9223660770012ADF1 /* VideoViewController.m */; };
		A423AC40213854420028BAEC /* AppDelegate+config.m in Sources */ = {isa = PBXBuildFile; fileRef = A423AC3F213854420028BAEC /* AppDelegate+config.m */; };
/* End PBXBuildFile section */

/* Begin PBXContainerItemProxy section */
		9FE3557522AF4F2F00B886E0 /* PBXContainerItemProxy */ = {
			isa = PBXContainerItemProxy;
			containerPortal = 9F1DB50B20E0BE6F0014E9FC /* Project object */;
			proxyType = 1;
			remoteGlobalIDString = 9F1DB51220E0BE6F0014E9FC;
			remoteInfo = Sungh;
		};
		9FE3558322AF4F3700B886E0 /* PBXContainerItemProxy */ = {
			isa = PBXContainerItemProxy;
			containerPortal = 9F1DB50B20E0BE6F0014E9FC /* Project object */;
			proxyType = 1;
			remoteGlobalIDString = 9F1DB51220E0BE6F0014E9FC;
			remoteInfo = Sungh;
		};
/* End PBXContainerItemProxy section */

/* Begin PBXFileReference section */
		00926150950CC2D2E11B2169 /* Pods_Sungh.framework */ = {isa = PBXFileReference; explicitFileType = wrapper.framework; includeInIndex = 0; path = Pods_Sungh.framework; sourceTree = BUILT_PRODUCTS_DIR; };
		391D30E298205130E0E46C68 /* Pods-Sungh.debug.xcconfig */ = {isa = PBXFileReference; includeInIndex = 1; lastKnownFileType = text.xcconfig; name = "Pods-Sungh.debug.xcconfig"; path = "Pods/Target Support Files/Pods-Sungh/Pods-Sungh.debug.xcconfig"; sourceTree = "<group>"; };
		9F13FEB12268773600091FA7 /* RACViewModel.h */ = {isa = PBXFileReference; lastKnownFileType = sourcecode.c.h; path = RACViewModel.h; sourceTree = "<group>"; };
		9F13FEB22268773600091FA7 /* RACViewModel.m */ = {isa = PBXFileReference; lastKnownFileType = sourcecode.c.objc; path = RACViewModel.m; sourceTree = "<group>"; };
		9F13FEB422696DF000091FA7 /* RACView.h */ = {isa = PBXFileReference; lastKnownFileType = sourcecode.c.h; path = RACView.h; sourceTree = "<group>"; };
		9F13FEB522696DF000091FA7 /* RACView.m */ = {isa = PBXFileReference; lastKnownFileType = sourcecode.c.objc; path = RACView.m; sourceTree = "<group>"; };
		9F13FEB72269794300091FA7 /* RACTwoViewController.h */ = {isa = PBXFileReference; lastKnownFileType = sourcecode.c.h; path = RACTwoViewController.h; sourceTree = "<group>"; };
		9F13FEB82269794300091FA7 /* RACTwoViewController.m */ = {isa = PBXFileReference; lastKnownFileType = sourcecode.c.objc; path = RACTwoViewController.m; sourceTree = "<group>"; };
		9F1DB51320E0BE6F0014E9FC /* Sungh.app */ = {isa = PBXFileReference; explicitFileType = wrapper.application; includeInIndex = 0; path = Sungh.app; sourceTree = BUILT_PRODUCTS_DIR; };
		9F1DB51620E0BE6F0014E9FC /* AppDelegate.h */ = {isa = PBXFileReference; lastKnownFileType = sourcecode.c.h; path = AppDelegate.h; sourceTree = "<group>"; };
		9F1DB51720E0BE6F0014E9FC /* AppDelegate.m */ = {isa = PBXFileReference; lastKnownFileType = sourcecode.c.objc; path = AppDelegate.m; sourceTree = "<group>"; };
		9F1DB51920E0BE6F0014E9FC /* ViewController.h */ = {isa = PBXFileReference; lastKnownFileType = sourcecode.c.h; path = ViewController.h; sourceTree = "<group>"; };
		9F1DB51A20E0BE6F0014E9FC /* ViewController.m */ = {isa = PBXFileReference; lastKnownFileType = sourcecode.c.objc; path = ViewController.m; sourceTree = "<group>"; };
		9F1DB51D20E0BE6F0014E9FC /* Base */ = {isa = PBXFileReference; lastKnownFileType = file.storyboard; name = Base; path = Base.lproj/Main.storyboard; sourceTree = "<group>"; };
		9F1DB51F20E0BE720014E9FC /* Assets.xcassets */ = {isa = PBXFileReference; lastKnownFileType = folder.assetcatalog; path = Assets.xcassets; sourceTree = "<group>"; };
		9F1DB52220E0BE720014E9FC /* Base */ = {isa = PBXFileReference; lastKnownFileType = file.storyboard; name = Base; path = Base.lproj/LaunchScreen.storyboard; sourceTree = "<group>"; };
		9F1DB52420E0BE720014E9FC /* Info.plist */ = {isa = PBXFileReference; lastKnownFileType = text.plist.xml; path = Info.plist; sourceTree = "<group>"; };
		9F1DB52520E0BE720014E9FC /* main.m */ = {isa = PBXFileReference; lastKnownFileType = sourcecode.c.objc; path = main.m; sourceTree = "<group>"; };
		9F1DB52C20E0C3E10014E9FC /* sungh.pch */ = {isa = PBXFileReference; lastKnownFileType = sourcecode.c.h; path = sungh.pch; sourceTree = "<group>"; };
		9F3F87F82244C02800884443 /* Sungh-Bridging-Header.h */ = {isa = PBXFileReference; lastKnownFileType = sourcecode.c.h; path = "Sungh-Bridging-Header.h"; sourceTree = "<group>"; };
		9F42E2252192BE4C003A6F38 /* TextFieldViewController.m */ = {isa = PBXFileReference; fileEncoding = 4; lastKnownFileType = sourcecode.c.objc; path = TextFieldViewController.m; sourceTree = "<group>"; };
		9F42E2262192BE4C003A6F38 /* TextFieldViewController.xib */ = {isa = PBXFileReference; fileEncoding = 4; lastKnownFileType = file.xib; path = TextFieldViewController.xib; sourceTree = "<group>"; };
		9F42E2272192BE4C003A6F38 /* TextFieldViewController.h */ = {isa = PBXFileReference; fileEncoding = 4; lastKnownFileType = sourcecode.c.h; path = TextFieldViewController.h; sourceTree = "<group>"; };
		9F42E22A2192BE6F003A6F38 /* UITextView+placeHolder.h */ = {isa = PBXFileReference; lastKnownFileType = sourcecode.c.h; path = "UITextView+placeHolder.h"; sourceTree = "<group>"; };
		9F42E22B2192BE6F003A6F38 /* UITextView+placeHolder.m */ = {isa = PBXFileReference; lastKnownFileType = sourcecode.c.objc; path = "UITextView+placeHolder.m"; sourceTree = "<group>"; };
		9F4524B42159D9F800999B07 /* CheckRegularTool.h */ = {isa = PBXFileReference; lastKnownFileType = sourcecode.c.h; path = CheckRegularTool.h; sourceTree = "<group>"; };
		9F4524B52159D9F800999B07 /* CheckRegularTool.m */ = {isa = PBXFileReference; lastKnownFileType = sourcecode.c.objc; path = CheckRegularTool.m; sourceTree = "<group>"; };
		9F4524FB215A32B600999B07 /* system2@2x.png */ = {isa = PBXFileReference; lastKnownFileType = image.png; name = "system2@2x.png"; path = "SUNLbundle.bundle/system2@2x.png"; sourceTree = SOURCE_ROOT; };
		9F4524FD215A3BC300999B07 /* UIButton+Position.h */ = {isa = PBXFileReference; lastKnownFileType = sourcecode.c.h; path = "UIButton+Position.h"; sourceTree = "<group>"; };
		9F4524FE215A3BC300999B07 /* UIButton+Position.m */ = {isa = PBXFileReference; lastKnownFileType = sourcecode.c.objc; path = "UIButton+Position.m"; sourceTree = "<group>"; };
		9F4AD7CE22A658F700B99014 /* SynchronizedViewController.h */ = {isa = PBXFileReference; lastKnownFileType = sourcecode.c.h; path = SynchronizedViewController.h; sourceTree = "<group>"; };
		9F4AD7CF22A658F700B99014 /* SynchronizedViewController.m */ = {isa = PBXFileReference; lastKnownFileType = sourcecode.c.objc; path = SynchronizedViewController.m; sourceTree = "<group>"; };
		9F53D22220FDDCC400D327D0 /* SQLViewController.h */ = {isa = PBXFileReference; lastKnownFileType = sourcecode.c.h; path = SQLViewController.h; sourceTree = "<group>"; };
		9F53D22320FDDCC400D327D0 /* SQLViewController.m */ = {isa = PBXFileReference; lastKnownFileType = sourcecode.c.objc; path = SQLViewController.m; sourceTree = "<group>"; };
		9F53D22720FDE55400D327D0 /* DBManager.h */ = {isa = PBXFileReference; lastKnownFileType = sourcecode.c.h; path = DBManager.h; sourceTree = "<group>"; };
		9F53D22820FDE55400D327D0 /* DBManager.m */ = {isa = PBXFileReference; lastKnownFileType = sourcecode.c.objc; path = DBManager.m; sourceTree = "<group>"; };
		9F53D22B20FF0BC100D327D0 /* DBUserModel.h */ = {isa = PBXFileReference; lastKnownFileType = sourcecode.c.h; path = DBUserModel.h; sourceTree = "<group>"; };
		9F53D22C20FF0BC100D327D0 /* DBUserModel.m */ = {isa = PBXFileReference; lastKnownFileType = sourcecode.c.objc; path = DBUserModel.m; sourceTree = "<group>"; };
		9F53D22F21006B9900D327D0 /* BaseModel.h */ = {isa = PBXFileReference; lastKnownFileType = sourcecode.c.h; path = BaseModel.h; sourceTree = "<group>"; };
		9F53D23021006B9900D327D0 /* BaseModel.m */ = {isa = PBXFileReference; lastKnownFileType = sourcecode.c.objc; path = BaseModel.m; sourceTree = "<group>"; };
		9F5464EB21ABF84A00A7BCFF /* BXTextField.h */ = {isa = PBXFileReference; fileEncoding = 4; lastKnownFileType = sourcecode.c.h; path = BXTextField.h; sourceTree = "<group>"; };
		9F5464EC21ABF84A00A7BCFF /* UITextField+BXExtension.h */ = {isa = PBXFileReference; fileEncoding = 4; lastKnownFileType = sourcecode.c.h; path = "UITextField+BXExtension.h"; sourceTree = "<group>"; };
		9F5464ED21ABF84A00A7BCFF /* BXTextField.m */ = {isa = PBXFileReference; fileEncoding = 4; lastKnownFileType = sourcecode.c.objc; path = BXTextField.m; sourceTree = "<group>"; };
		9F5464EE21ABF84A00A7BCFF /* UITextField+BXExtension.m */ = {isa = PBXFileReference; fileEncoding = 4; lastKnownFileType = sourcecode.c.objc; path = "UITextField+BXExtension.m"; sourceTree = "<group>"; };
		9F5464EF21ABF84A00A7BCFF /* UIView+BXExtension.h */ = {isa = PBXFileReference; fileEncoding = 4; lastKnownFileType = sourcecode.c.h; path = "UIView+BXExtension.h"; sourceTree = "<group>"; };
		9F5464F021ABF84A00A7BCFF /* UIView+BXExtension.m */ = {isa = PBXFileReference; fileEncoding = 4; lastKnownFileType = sourcecode.c.objc; path = "UIView+BXExtension.m"; sourceTree = "<group>"; };
		9F60A7AF212A93CA00D2C487 /* NSFileTool.h */ = {isa = PBXFileReference; lastKnownFileType = sourcecode.c.h; path = NSFileTool.h; sourceTree = "<group>"; };
		9F60A7B0212A93CA00D2C487 /* NSFileTool.m */ = {isa = PBXFileReference; lastKnownFileType = sourcecode.c.objc; path = NSFileTool.m; sourceTree = "<group>"; };
		9F7957E2214F92BC00BC6BB1 /* STool.h */ = {isa = PBXFileReference; lastKnownFileType = sourcecode.c.h; path = STool.h; sourceTree = "<group>"; };
		9F7957E3214F92BC00BC6BB1 /* STool.m */ = {isa = PBXFileReference; lastKnownFileType = sourcecode.c.objc; path = STool.m; sourceTree = "<group>"; };
		9F795BE42152294C00BC6BB1 /* Pods-Sungh.beat.xcconfig */ = {isa = PBXFileReference; lastKnownFileType = text.xcconfig; path = "Pods-Sungh.beat.xcconfig"; sourceTree = "<group>"; };
		9F795BE62152296100BC6BB1 /* Pods-Sungh.enterprise.xcconfig */ = {isa = PBXFileReference; lastKnownFileType = text.xcconfig; path = "Pods-Sungh.enterprise.xcconfig"; sourceTree = "<group>"; };
		9F7A609E2266D384002E26ED /* RACViewController.h */ = {isa = PBXFileReference; lastKnownFileType = sourcecode.c.h; path = RACViewController.h; sourceTree = "<group>"; };
		9F7A609F2266D384002E26ED /* RACViewController.m */ = {isa = PBXFileReference; lastKnownFileType = sourcecode.c.objc; path = RACViewController.m; sourceTree = "<group>"; };
		9FA60033219DB6CE0031B90F /* NetWorkViewController.h */ = {isa = PBXFileReference; lastKnownFileType = sourcecode.c.h; path = NetWorkViewController.h; sourceTree = "<group>"; };
		9FA60034219DB6CE0031B90F /* NetWorkViewController.m */ = {isa = PBXFileReference; lastKnownFileType = sourcecode.c.objc; path = NetWorkViewController.m; sourceTree = "<group>"; };
		9FA8B91E225CA3660013B388 /* DownLoadingsViewController.h */ = {isa = PBXFileReference; lastKnownFileType = sourcecode.c.h; path = DownLoadingsViewController.h; sourceTree = "<group>"; };
		9FA8B91F225CA3660013B388 /* DownLoadingsViewController.m */ = {isa = PBXFileReference; lastKnownFileType = sourcecode.c.objc; path = DownLoadingsViewController.m; sourceTree = "<group>"; };
		9FA8B920225CA3660013B388 /* DownLoadingsViewController.xib */ = {isa = PBXFileReference; lastKnownFileType = file.xib; path = DownLoadingsViewController.xib; sourceTree = "<group>"; };
		9FA8B924225D8EBF0013B388 /* ArithmeticViewController.h */ = {isa = PBXFileReference; lastKnownFileType = sourcecode.c.h; path = ArithmeticViewController.h; sourceTree = "<group>"; };
		9FA8B925225D8EBF0013B388 /* ArithmeticViewController.m */ = {isa = PBXFileReference; lastKnownFileType = sourcecode.c.objc; path = ArithmeticViewController.m; sourceTree = "<group>"; };
		9FCD894C216C8F7C00982652 /* iphoneSize.jpg */ = {isa = PBXFileReference; lastKnownFileType = image.jpeg; path = iphoneSize.jpg; sourceTree = "<group>"; };
		9FD0BBAB20EE11D300ACF2BD /* JSAndOCViewController.h */ = {isa = PBXFileReference; lastKnownFileType = sourcecode.c.h; path = JSAndOCViewController.h; sourceTree = "<group>"; };
		9FD0BBAC20EE11D300ACF2BD /* JSAndOCViewController.m */ = {isa = PBXFileReference; lastKnownFileType = sourcecode.c.objc; path = JSAndOCViewController.m; sourceTree = "<group>"; };
		9FD0BBAF20EE1C0900ACF2BD /* WKWebViewMessageHandler.html */ = {isa = PBXFileReference; fileEncoding = 4; lastKnownFileType = text.html; path = WKWebViewMessageHandler.html; sourceTree = "<group>"; };
		9FE3557022AF4F2F00B886E0 /* SunghTests.xctest */ = {isa = PBXFileReference; explicitFileType = wrapper.cfbundle; includeInIndex = 0; path = SunghTests.xctest; sourceTree = BUILT_PRODUCTS_DIR; };
		9FE3557222AF4F2F00B886E0 /* SunghTests.m */ = {isa = PBXFileReference; lastKnownFileType = sourcecode.c.objc; path = SunghTests.m; sourceTree = "<group>"; };
		9FE3557422AF4F2F00B886E0 /* Info.plist */ = {isa = PBXFileReference; lastKnownFileType = text.plist.xml; path = Info.plist; sourceTree = "<group>"; };
		9FE3557E22AF4F3700B886E0 /* SunghUITests.xctest */ = {isa = PBXFileReference; explicitFileType = wrapper.cfbundle; includeInIndex = 0; path = SunghUITests.xctest; sourceTree = BUILT_PRODUCTS_DIR; };
		9FE3558022AF4F3700B886E0 /* SunghUITests.m */ = {isa = PBXFileReference; lastKnownFileType = sourcecode.c.objc; path = SunghUITests.m; sourceTree = "<group>"; };
		9FE3558222AF4F3700B886E0 /* Info.plist */ = {isa = PBXFileReference; lastKnownFileType = text.plist.xml; path = Info.plist; sourceTree = "<group>"; };
		9FE7A2B92111B1880048776E /* SDKViewController.m */ = {isa = PBXFileReference; fileEncoding = 4; lastKnownFileType = sourcecode.c.objc; path = SDKViewController.m; sourceTree = "<group>"; };
		9FE7A2BA2111B1880048776E /* SDKViewController.h */ = {isa = PBXFileReference; fileEncoding = 4; lastKnownFileType = sourcecode.c.h; path = SDKViewController.h; sourceTree = "<group>"; };
		9FE7A2BD2111B1B50048776E /* File.m */ = {isa = PBXFileReference; fileEncoding = 4; lastKnownFileType = sourcecode.c.objc; path = File.m; sourceTree = "<group>"; };
		9FE7A2C02111B1FF0048776E /* File.h */ = {isa = PBXFileReference; fileEncoding = 4; lastKnownFileType = sourcecode.c.h; path = File.h; sourceTree = "<group>"; };
		9FE7A2C12111B66A0048776E /* SdkView.h */ = {isa = PBXFileReference; lastKnownFileType = sourcecode.c.h; path = SdkView.h; sourceTree = "<group>"; };
		9FE7A2C22111B66A0048776E /* SdkView.m */ = {isa = PBXFileReference; lastKnownFileType = sourcecode.c.objc; path = SdkView.m; sourceTree = "<group>"; };
		9FE7A2C62112A6530048776E /* UIScrollView+UITouch.m */ = {isa = PBXFileReference; fileEncoding = 4; lastKnownFileType = sourcecode.c.objc; path = "UIScrollView+UITouch.m"; sourceTree = "<group>"; };
		9FE7A2C72112A6530048776E /* UIScrollView+UITouch.h */ = {isa = PBXFileReference; fileEncoding = 4; lastKnownFileType = sourcecode.c.h; path = "UIScrollView+UITouch.h"; sourceTree = "<group>"; };
		9FEEFE3121354CC000736430 /* SUNLbundle.bundle */ = {isa = PBXFileReference; lastKnownFileType = "wrapper.plug-in"; path = SUNLbundle.bundle; sourceTree = "<group>"; };
		9FEEFE3421354DF200736430 /* BundleSdk.h */ = {isa = PBXFileReference; lastKnownFileType = sourcecode.c.h; path = BundleSdk.h; sourceTree = "<group>"; };
		9FEEFE3521354DF200736430 /* BundleSdk.m */ = {isa = PBXFileReference; lastKnownFileType = sourcecode.c.objc; path = BundleSdk.m; sourceTree = "<group>"; };
		9FF347EB22E714FA006D5B72 /* README.md */ = {isa = PBXFileReference; lastKnownFileType = net.daringfireball.markdown; path = README.md; sourceTree = "<group>"; };
		9FF373A8223660770012ADF1 /* VideoViewController.h */ = {isa = PBXFileReference; lastKnownFileType = sourcecode.c.h; path = VideoViewController.h; sourceTree = "<group>"; };
		9FF373A9223660770012ADF1 /* VideoViewController.m */ = {isa = PBXFileReference; lastKnownFileType = sourcecode.c.objc; path = VideoViewController.m; sourceTree = "<group>"; };
		A1224607F71412690A88684D /* Pods-Sungh.release.xcconfig */ = {isa = PBXFileReference; includeInIndex = 1; lastKnownFileType = text.xcconfig; name = "Pods-Sungh.release.xcconfig"; path = "Pods/Target Support Files/Pods-Sungh/Pods-Sungh.release.xcconfig"; sourceTree = "<group>"; };
		A423AC3E213854420028BAEC /* AppDelegate+config.h */ = {isa = PBXFileReference; lastKnownFileType = sourcecode.c.h; path = "AppDelegate+config.h"; sourceTree = "<group>"; };
		A423AC3F213854420028BAEC /* AppDelegate+config.m */ = {isa = PBXFileReference; lastKnownFileType = sourcecode.c.objc; path = "AppDelegate+config.m"; sourceTree = "<group>"; };
/* End PBXFileReference section */

/* Begin PBXFrameworksBuildPhase section */
		9F1DB51020E0BE6F0014E9FC /* Frameworks */ = {
			isa = PBXFrameworksBuildPhase;
			buildActionMask = 2147483647;
			files = (
				02FADAC2EBE2C74D8DCFDD32 /* Pods_Sungh.framework in Frameworks */,
			);
			runOnlyForDeploymentPostprocessing = 0;
		};
		9FE3556D22AF4F2F00B886E0 /* Frameworks */ = {
			isa = PBXFrameworksBuildPhase;
			buildActionMask = 2147483647;
			files = (
			);
			runOnlyForDeploymentPostprocessing = 0;
		};
		9FE3557B22AF4F3700B886E0 /* Frameworks */ = {
			isa = PBXFrameworksBuildPhase;
			buildActionMask = 2147483647;
			files = (
			);
			runOnlyForDeploymentPostprocessing = 0;
		};
/* End PBXFrameworksBuildPhase section */

/* Begin PBXGroup section */
		1D1304BF9CF3784FCBF8EE49 /* Frameworks */ = {
			isa = PBXGroup;
			children = (
				00926150950CC2D2E11B2169 /* Pods_Sungh.framework */,
			);
			name = Frameworks;
			sourceTree = "<group>";
		};
		9F1DB50A20E0BE6F0014E9FC = {
			isa = PBXGroup;
			children = (
				9FF347EB22E714FA006D5B72 /* README.md */,
				9FEEFE3121354CC000736430 /* SUNLbundle.bundle */,
				9F1DB51520E0BE6F0014E9FC /* Sungh */,
				9FE3557122AF4F2F00B886E0 /* SunghTests */,
				9FE3557F22AF4F3700B886E0 /* SunghUITests */,
				9F1DB51420E0BE6F0014E9FC /* Products */,
				E397F875BD179A9770AC0336 /* Pods */,
				1D1304BF9CF3784FCBF8EE49 /* Frameworks */,
			);
			sourceTree = "<group>";
		};
		9F1DB51420E0BE6F0014E9FC /* Products */ = {
			isa = PBXGroup;
			children = (
				9F1DB51320E0BE6F0014E9FC /* Sungh.app */,
				9FE3557022AF4F2F00B886E0 /* SunghTests.xctest */,
				9FE3557E22AF4F3700B886E0 /* SunghUITests.xctest */,
			);
			name = Products;
			sourceTree = "<group>";
		};
		9F1DB51520E0BE6F0014E9FC /* Sungh */ = {
			isa = PBXGroup;
			children = (
				9F1DB51620E0BE6F0014E9FC /* AppDelegate.h */,
				9F1DB51720E0BE6F0014E9FC /* AppDelegate.m */,
				9F1DB51920E0BE6F0014E9FC /* ViewController.h */,
				9F1DB51A20E0BE6F0014E9FC /* ViewController.m */,
				9F4AD7CD22A658BB00B99014 /* 多线程 */,
				9F7A609D2266D371002E26ED /* RAC */,
				9FA8B923225D8CF20013B388 /* 算法 */,
				9FA8B915225CA0B70013B388 /* 下载 */,
				9FF373A7223660490012ADF1 /* 小视频 */,
				9F42E2242192BE34003A6F38 /* textf&&textv */,
				A423AC3D213853250028BAEC /* 类别 */,
				9F60A7AE212A939E00D2C487 /* 文件存储 */,
				9FE7A2C52112A6200048776E /* Tools */,
				9FE7A2B82111B1880048776E /* SDK */,
				9F53D22120FDDCA600D327D0 /* sql */,
				9FD0BBAA20EE11AB00ACF2BD /* js&&oc */,
				9F1DB52C20E0C3E10014E9FC /* sungh.pch */,
				9FCD894C216C8F7C00982652 /* iphoneSize.jpg */,
				9F4524FB215A32B600999B07 /* system2@2x.png */,
				9FE7A2C02111B1FF0048776E /* File.h */,
				9FE7A2BD2111B1B50048776E /* File.m */,
				9FA60033219DB6CE0031B90F /* NetWorkViewController.h */,
				9FA60034219DB6CE0031B90F /* NetWorkViewController.m */,
				9F1DB51C20E0BE6F0014E9FC /* Main.storyboard */,
				9F1DB51F20E0BE720014E9FC /* Assets.xcassets */,
				9F1DB52120E0BE720014E9FC /* LaunchScreen.storyboard */,
				9F1DB52420E0BE720014E9FC /* Info.plist */,
				9F1DB52520E0BE720014E9FC /* main.m */,
				9F3F87F82244C02800884443 /* Sungh-Bridging-Header.h */,
			);
			path = Sungh;
			sourceTree = "<group>";
		};
		9F42E2242192BE34003A6F38 /* textf&&textv */ = {
			isa = PBXGroup;
			children = (
				9F42E2272192BE4C003A6F38 /* TextFieldViewController.h */,
				9F42E2252192BE4C003A6F38 /* TextFieldViewController.m */,
				9F42E2262192BE4C003A6F38 /* TextFieldViewController.xib */,
				9F42E22A2192BE6F003A6F38 /* UITextView+placeHolder.h */,
				9F42E22B2192BE6F003A6F38 /* UITextView+placeHolder.m */,
			);
			path = "textf&&textv";
			sourceTree = "<group>";
		};
		9F4AD7CD22A658BB00B99014 /* 多线程 */ = {
			isa = PBXGroup;
			children = (
				9F4AD7CE22A658F700B99014 /* SynchronizedViewController.h */,
				9F4AD7CF22A658F700B99014 /* SynchronizedViewController.m */,
			);
			path = "多线程";
			sourceTree = "<group>";
		};
		9F53D22120FDDCA600D327D0 /* sql */ = {
			isa = PBXGroup;
			children = (
				9F53D22220FDDCC400D327D0 /* SQLViewController.h */,
				9F53D22320FDDCC400D327D0 /* SQLViewController.m */,
				9F53D22620FDE52D00D327D0 /* db */,
			);
			path = sql;
			sourceTree = "<group>";
		};
		9F53D22620FDE52D00D327D0 /* db */ = {
			isa = PBXGroup;
			children = (
				9F53D22720FDE55400D327D0 /* DBManager.h */,
				9F53D22820FDE55400D327D0 /* DBManager.m */,
				9F53D22B20FF0BC100D327D0 /* DBUserModel.h */,
				9F53D22C20FF0BC100D327D0 /* DBUserModel.m */,
				9F53D22F21006B9900D327D0 /* BaseModel.h */,
				9F53D23021006B9900D327D0 /* BaseModel.m */,
			);
			path = db;
			sourceTree = "<group>";
		};
		9F5464EA21ABF84000A7BCFF /* 身份证键盘 */ = {
			isa = PBXGroup;
			children = (
				9F5464EB21ABF84A00A7BCFF /* BXTextField.h */,
				9F5464ED21ABF84A00A7BCFF /* BXTextField.m */,
				9F5464EC21ABF84A00A7BCFF /* UITextField+BXExtension.h */,
				9F5464EE21ABF84A00A7BCFF /* UITextField+BXExtension.m */,
				9F5464EF21ABF84A00A7BCFF /* UIView+BXExtension.h */,
				9F5464F021ABF84A00A7BCFF /* UIView+BXExtension.m */,
			);
			path = "身份证键盘";
			sourceTree = "<group>";
		};
		9F60A7AE212A939E00D2C487 /* 文件存储 */ = {
			isa = PBXGroup;
			children = (
				9F60A7AF212A93CA00D2C487 /* NSFileTool.h */,
				9F60A7B0212A93CA00D2C487 /* NSFileTool.m */,
			);
			path = "文件存储";
			sourceTree = "<group>";
		};
		9F7A609D2266D371002E26ED /* RAC */ = {
			isa = PBXGroup;
			children = (
				9F7A609E2266D384002E26ED /* RACViewController.h */,
				9F7A609F2266D384002E26ED /* RACViewController.m */,
				9F13FEB72269794300091FA7 /* RACTwoViewController.h */,
				9F13FEB82269794300091FA7 /* RACTwoViewController.m */,
				9F7A60A32266FD1A002E26ED /* viewModel */,
				9F7A60A22266FD0D002E26ED /* view */,
				9F7A60A12266FD04002E26ED /* model */,
			);
			path = RAC;
			sourceTree = "<group>";
		};
		9F7A60A12266FD04002E26ED /* model */ = {
			isa = PBXGroup;
			children = (
			);
			path = model;
			sourceTree = "<group>";
		};
		9F7A60A22266FD0D002E26ED /* view */ = {
			isa = PBXGroup;
			children = (
				9F13FEB422696DF000091FA7 /* RACView.h */,
				9F13FEB522696DF000091FA7 /* RACView.m */,
			);
			path = view;
			sourceTree = "<group>";
		};
		9F7A60A32266FD1A002E26ED /* viewModel */ = {
			isa = PBXGroup;
			children = (
				9F13FEB12268773600091FA7 /* RACViewModel.h */,
				9F13FEB22268773600091FA7 /* RACViewModel.m */,
			);
			path = viewModel;
			sourceTree = "<group>";
		};
		9FA8B915225CA0B70013B388 /* 下载 */ = {
			isa = PBXGroup;
			children = (
				9FA8B91E225CA3660013B388 /* DownLoadingsViewController.h */,
				9FA8B91F225CA3660013B388 /* DownLoadingsViewController.m */,
				9FA8B920225CA3660013B388 /* DownLoadingsViewController.xib */,
			);
			path = "下载";
			sourceTree = "<group>";
		};
		9FA8B923225D8CF20013B388 /* 算法 */ = {
			isa = PBXGroup;
			children = (
				9FA8B924225D8EBF0013B388 /* ArithmeticViewController.h */,
				9FA8B925225D8EBF0013B388 /* ArithmeticViewController.m */,
			);
			path = "算法";
			sourceTree = "<group>";
		};
		9FD0BBAA20EE11AB00ACF2BD /* js&&oc */ = {
			isa = PBXGroup;
			children = (
				9FD0BBAB20EE11D300ACF2BD /* JSAndOCViewController.h */,
				9FD0BBAC20EE11D300ACF2BD /* JSAndOCViewController.m */,
				9FD0BBAE20EE126F00ACF2BD /* resources */,
			);
			path = "js&&oc";
			sourceTree = "<group>";
		};
		9FD0BBAE20EE126F00ACF2BD /* resources */ = {
			isa = PBXGroup;
			children = (
				9FD0BBAF20EE1C0900ACF2BD /* WKWebViewMessageHandler.html */,
			);
			path = resources;
			sourceTree = "<group>";
		};
		9FE3557122AF4F2F00B886E0 /* SunghTests */ = {
			isa = PBXGroup;
			children = (
				9FE3557222AF4F2F00B886E0 /* SunghTests.m */,
				9FE3557422AF4F2F00B886E0 /* Info.plist */,
			);
			path = SunghTests;
			sourceTree = "<group>";
		};
		9FE3557F22AF4F3700B886E0 /* SunghUITests */ = {
			isa = PBXGroup;
			children = (
				9FE3558022AF4F3700B886E0 /* SunghUITests.m */,
				9FE3558222AF4F3700B886E0 /* Info.plist */,
			);
			path = SunghUITests;
			sourceTree = "<group>";
		};
		9FE7A2B82111B1880048776E /* SDK */ = {
			isa = PBXGroup;
			children = (
				9FE7A2BA2111B1880048776E /* SDKViewController.h */,
				9FE7A2B92111B1880048776E /* SDKViewController.m */,
				9FE7A2C12111B66A0048776E /* SdkView.h */,
				9FE7A2C22111B66A0048776E /* SdkView.m */,
				9FEEFE3421354DF200736430 /* BundleSdk.h */,
				9FEEFE3521354DF200736430 /* BundleSdk.m */,
			);
			path = SDK;
			sourceTree = "<group>";
		};
		9FE7A2C52112A6200048776E /* Tools */ = {
			isa = PBXGroup;
			children = (
				9F5464EA21ABF84000A7BCFF /* 身份证键盘 */,
				9FE7A2C72112A6530048776E /* UIScrollView+UITouch.h */,
				9FE7A2C62112A6530048776E /* UIScrollView+UITouch.m */,
				9F7957E2214F92BC00BC6BB1 /* STool.h */,
				9F7957E3214F92BC00BC6BB1 /* STool.m */,
				9F4524B42159D9F800999B07 /* CheckRegularTool.h */,
				9F4524B52159D9F800999B07 /* CheckRegularTool.m */,
			);
			path = Tools;
			sourceTree = "<group>";
		};
		9FF373A7223660490012ADF1 /* 小视频 */ = {
			isa = PBXGroup;
			children = (
				9FF373A8223660770012ADF1 /* VideoViewController.h */,
				9FF373A9223660770012ADF1 /* VideoViewController.m */,
			);
			path = "小视频";
			sourceTree = "<group>";
		};
		A423AC3D213853250028BAEC /* 类别 */ = {
			isa = PBXGroup;
			children = (
				A423AC3E213854420028BAEC /* AppDelegate+config.h */,
				A423AC3F213854420028BAEC /* AppDelegate+config.m */,
				9F4524FD215A3BC300999B07 /* UIButton+Position.h */,
				9F4524FE215A3BC300999B07 /* UIButton+Position.m */,
			);
			path = "类别";
			sourceTree = "<group>";
		};
		E397F875BD179A9770AC0336 /* Pods */ = {
			isa = PBXGroup;
			children = (
				391D30E298205130E0E46C68 /* Pods-Sungh.debug.xcconfig */,
				A1224607F71412690A88684D /* Pods-Sungh.release.xcconfig */,
				9F795BE42152294C00BC6BB1 /* Pods-Sungh.beat.xcconfig */,
				9F795BE62152296100BC6BB1 /* Pods-Sungh.enterprise.xcconfig */,
			);
			name = Pods;
			sourceTree = "<group>";
		};
/* End PBXGroup section */

/* Begin PBXNativeTarget section */
		9F1DB51220E0BE6F0014E9FC /* Sungh */ = {
			isa = PBXNativeTarget;
			buildConfigurationList = 9F1DB52920E0BE720014E9FC /* Build configuration list for PBXNativeTarget "Sungh" */;
			buildPhases = (
				ED560E8B77F164BBC25E5573 /* [CP] Check Pods Manifest.lock */,
				9F1DB50F20E0BE6F0014E9FC /* Sources */,
				9F1DB51020E0BE6F0014E9FC /* Frameworks */,
				9F1DB51120E0BE6F0014E9FC /* Resources */,
				DA0A2E5539075DD362D98B79 /* [CP] Embed Pods Frameworks */,
			);
			buildRules = (
			);
			dependencies = (
			);
			name = Sungh;
			productName = Sungh;
			productReference = 9F1DB51320E0BE6F0014E9FC /* Sungh.app */;
			productType = "com.apple.product-type.application";
		};
		9FE3556F22AF4F2F00B886E0 /* SunghTests */ = {
			isa = PBXNativeTarget;
			buildConfigurationList = 9FE3557722AF4F2F00B886E0 /* Build configuration list for PBXNativeTarget "SunghTests" */;
			buildPhases = (
				9FE3556C22AF4F2F00B886E0 /* Sources */,
				9FE3556D22AF4F2F00B886E0 /* Frameworks */,
				9FE3556E22AF4F2F00B886E0 /* Resources */,
			);
			buildRules = (
			);
			dependencies = (
				9FE3557622AF4F2F00B886E0 /* PBXTargetDependency */,
			);
			name = SunghTests;
			productName = SunghTests;
			productReference = 9FE3557022AF4F2F00B886E0 /* SunghTests.xctest */;
			productType = "com.apple.product-type.bundle.unit-test";
		};
		9FE3557D22AF4F3700B886E0 /* SunghUITests */ = {
			isa = PBXNativeTarget;
			buildConfigurationList = 9FE3558522AF4F3700B886E0 /* Build configuration list for PBXNativeTarget "SunghUITests" */;
			buildPhases = (
				9FE3557A22AF4F3700B886E0 /* Sources */,
				9FE3557B22AF4F3700B886E0 /* Frameworks */,
				9FE3557C22AF4F3700B886E0 /* Resources */,
			);
			buildRules = (
			);
			dependencies = (
				9FE3558422AF4F3700B886E0 /* PBXTargetDependency */,
			);
			name = SunghUITests;
			productName = SunghUITests;
			productReference = 9FE3557E22AF4F3700B886E0 /* SunghUITests.xctest */;
			productType = "com.apple.product-type.bundle.ui-testing";
		};
/* End PBXNativeTarget section */

/* Begin PBXProject section */
		9F1DB50B20E0BE6F0014E9FC /* Project object */ = {
			isa = PBXProject;
			attributes = {
				LastUpgradeCheck = 0930;
				ORGANIZATIONNAME = yonyouqiche;
				TargetAttributes = {
					9F1DB51220E0BE6F0014E9FC = {
						CreatedOnToolsVersion = 9.3;
						LastSwiftMigration = 1010;
					};
					9FE3556F22AF4F2F00B886E0 = {
						CreatedOnToolsVersion = 10.1;
						TestTargetID = 9F1DB51220E0BE6F0014E9FC;
					};
					9FE3557D22AF4F3700B886E0 = {
						CreatedOnToolsVersion = 10.1;
						TestTargetID = 9F1DB51220E0BE6F0014E9FC;
					};
				};
			};
			buildConfigurationList = 9F1DB50E20E0BE6F0014E9FC /* Build configuration list for PBXProject "Sungh" */;
			compatibilityVersion = "Xcode 9.3";
			developmentRegion = en;
			hasScannedForEncodings = 0;
			knownRegions = (
				en,
				Base,
			);
			mainGroup = 9F1DB50A20E0BE6F0014E9FC;
			productRefGroup = 9F1DB51420E0BE6F0014E9FC /* Products */;
			projectDirPath = "";
			projectRoot = "";
			targets = (
				9F1DB51220E0BE6F0014E9FC /* Sungh */,
				9FE3556F22AF4F2F00B886E0 /* SunghTests */,
				9FE3557D22AF4F3700B886E0 /* SunghUITests */,
			);
		};
/* End PBXProject section */

/* Begin PBXResourcesBuildPhase section */
		9F1DB51120E0BE6F0014E9FC /* Resources */ = {
			isa = PBXResourcesBuildPhase;
			buildActionMask = 2147483647;
			files = (
				9FEEFE3221354CC000736430 /* SUNLbundle.bundle in Resources */,
				9F795BE52152294C00BC6BB1 /* Pods-Sungh.beat.xcconfig in Resources */,
				9F1DB52320E0BE720014E9FC /* LaunchScreen.storyboard in Resources */,
				9F795BE72152296100BC6BB1 /* Pods-Sungh.enterprise.xcconfig in Resources */,
				9F42E2292192BE4C003A6F38 /* TextFieldViewController.xib in Resources */,
				9FD0BBB020EE1C0900ACF2BD /* WKWebViewMessageHandler.html in Resources */,
				9F1DB52020E0BE720014E9FC /* Assets.xcassets in Resources */,
				9F1DB51E20E0BE6F0014E9FC /* Main.storyboard in Resources */,
				9F4524FC215A32B600999B07 /* system2@2x.png in Resources */,
				9FA8B922225CA3660013B388 /* DownLoadingsViewController.xib in Resources */,
				9FCD894D216C8F7C00982652 /* iphoneSize.jpg in Resources */,
			);
			runOnlyForDeploymentPostprocessing = 0;
		};
		9FE3556E22AF4F2F00B886E0 /* Resources */ = {
			isa = PBXResourcesBuildPhase;
			buildActionMask = 2147483647;
			files = (
			);
			runOnlyForDeploymentPostprocessing = 0;
		};
		9FE3557C22AF4F3700B886E0 /* Resources */ = {
			isa = PBXResourcesBuildPhase;
			buildActionMask = 2147483647;
			files = (
			);
			runOnlyForDeploymentPostprocessing = 0;
		};
/* End PBXResourcesBuildPhase section */

/* Begin PBXShellScriptBuildPhase section */
		DA0A2E5539075DD362D98B79 /* [CP] Embed Pods Frameworks */ = {
			isa = PBXShellScriptBuildPhase;
			buildActionMask = 2147483647;
			files = (
			);
			inputPaths = (
				"${SRCROOT}/Pods/Target Support Files/Pods-Sungh/Pods-Sungh-frameworks.sh",
				"${BUILT_PRODUCTS_DIR}/AFNetworking/AFNetworking.framework",
				"${BUILT_PRODUCTS_DIR}/FMDB/FMDB.framework",
				"${BUILT_PRODUCTS_DIR}/IQKeyboardManager/IQKeyboardManager.framework",
				"${BUILT_PRODUCTS_DIR}/MJExtension/MJExtension.framework",
				"${BUILT_PRODUCTS_DIR}/MJRefresh/MJRefresh.framework",
				"${BUILT_PRODUCTS_DIR}/Masonry/Masonry.framework",
				"${BUILT_PRODUCTS_DIR}/ReactiveObjC/ReactiveObjC.framework",
				"${BUILT_PRODUCTS_DIR}/SDWebImage/SDWebImage.framework",
				"${BUILT_PRODUCTS_DIR}/SVProgressHUD/SVProgressHUD.framework",
				"${BUILT_PRODUCTS_DIR}/YYCategories/YYCategories.framework",
			);
			name = "[CP] Embed Pods Frameworks";
			outputPaths = (
				"${TARGET_BUILD_DIR}/${FRAMEWORKS_FOLDER_PATH}/AFNetworking.framework",
				"${TARGET_BUILD_DIR}/${FRAMEWORKS_FOLDER_PATH}/FMDB.framework",
				"${TARGET_BUILD_DIR}/${FRAMEWORKS_FOLDER_PATH}/IQKeyboardManager.framework",
				"${TARGET_BUILD_DIR}/${FRAMEWORKS_FOLDER_PATH}/MJExtension.framework",
				"${TARGET_BUILD_DIR}/${FRAMEWORKS_FOLDER_PATH}/MJRefresh.framework",
				"${TARGET_BUILD_DIR}/${FRAMEWORKS_FOLDER_PATH}/Masonry.framework",
				"${TARGET_BUILD_DIR}/${FRAMEWORKS_FOLDER_PATH}/ReactiveObjC.framework",
				"${TARGET_BUILD_DIR}/${FRAMEWORKS_FOLDER_PATH}/SDWebImage.framework",
				"${TARGET_BUILD_DIR}/${FRAMEWORKS_FOLDER_PATH}/SVProgressHUD.framework",
				"${TARGET_BUILD_DIR}/${FRAMEWORKS_FOLDER_PATH}/YYCategories.framework",
			);
			runOnlyForDeploymentPostprocessing = 0;
			shellPath = /bin/sh;
			shellScript = "\"${SRCROOT}/Pods/Target Support Files/Pods-Sungh/Pods-Sungh-frameworks.sh\"\n";
			showEnvVarsInLog = 0;
		};
		ED560E8B77F164BBC25E5573 /* [CP] Check Pods Manifest.lock */ = {
			isa = PBXShellScriptBuildPhase;
			buildActionMask = 2147483647;
			files = (
			);
			inputPaths = (
				"${PODS_PODFILE_DIR_PATH}/Podfile.lock",
				"${PODS_ROOT}/Manifest.lock",
			);
			name = "[CP] Check Pods Manifest.lock";
			outputPaths = (
				"$(DERIVED_FILE_DIR)/Pods-Sungh-checkManifestLockResult.txt",
			);
			runOnlyForDeploymentPostprocessing = 0;
			shellPath = /bin/sh;
			shellScript = "diff \"${PODS_PODFILE_DIR_PATH}/Podfile.lock\" \"${PODS_ROOT}/Manifest.lock\" > /dev/null\nif [ $? != 0 ] ; then\n    # print error to STDERR\n    echo \"error: The sandbox is not in sync with the Podfile.lock. Run 'pod install' or update your CocoaPods installation.\" >&2\n    exit 1\nfi\n# This output is used by Xcode 'outputs' to avoid re-running this script phase.\necho \"SUCCESS\" > \"${SCRIPT_OUTPUT_FILE_0}\"\n";
			showEnvVarsInLog = 0;
		};
/* End PBXShellScriptBuildPhase section */

/* Begin PBXSourcesBuildPhase section */
		9F1DB50F20E0BE6F0014E9FC /* Sources */ = {
			isa = PBXSourcesBuildPhase;
			buildActionMask = 2147483647;
			files = (
				9F53D23121006B9900D327D0 /* BaseModel.m in Sources */,
				9FA8B921225CA3660013B388 /* DownLoadingsViewController.m in Sources */,
				9F53D22920FDE55400D327D0 /* DBManager.m in Sources */,
				9F7A60A02266D384002E26ED /* RACViewController.m in Sources */,
				9F13FEB32268773600091FA7 /* RACViewModel.m in Sources */,
				9F5464F321ABF84A00A7BCFF /* UIView+BXExtension.m in Sources */,
				9F60A7B1212A93CA00D2C487 /* NSFileTool.m in Sources */,
				9F7957E4214F92BC00BC6BB1 /* STool.m in Sources */,
				9F53D22420FDDCC400D327D0 /* SQLViewController.m in Sources */,
				9F13FEB622696DF000091FA7 /* RACView.m in Sources */,
				9F4524B62159D9F800999B07 /* CheckRegularTool.m in Sources */,
				9F1DB51B20E0BE6F0014E9FC /* ViewController.m in Sources */,
				9F1DB52620E0BE720014E9FC /* main.m in Sources */,
				9F42E2282192BE4C003A6F38 /* TextFieldViewController.m in Sources */,
				9FEEFE3621354DF200736430 /* BundleSdk.m in Sources */,
				9FA60035219DB6CE0031B90F /* NetWorkViewController.m in Sources */,
				9F5464F221ABF84A00A7BCFF /* UITextField+BXExtension.m in Sources */,
				A423AC40213854420028BAEC /* AppDelegate+config.m in Sources */,
				9FE7A2C82112A6530048776E /* UIScrollView+UITouch.m in Sources */,
				9FF373AA223660770012ADF1 /* VideoViewController.m in Sources */,
				9FE7A2BE2111B1B50048776E /* File.m in Sources */,
				9F1DB51820E0BE6F0014E9FC /* AppDelegate.m in Sources */,
				9F4AD7D022A658F700B99014 /* SynchronizedViewController.m in Sources */,
				9F13FEB92269794300091FA7 /* RACTwoViewController.m in Sources */,
				9FE7A2BB2111B1880048776E /* SDKViewController.m in Sources */,
				9F4524FF215A3BC300999B07 /* UIButton+Position.m in Sources */,
				9FE7A2C32111B66A0048776E /* SdkView.m in Sources */,
				9F53D22D20FF0BC100D327D0 /* DBUserModel.m in Sources */,
				9F5464F121ABF84A00A7BCFF /* BXTextField.m in Sources */,
				9FD0BBAD20EE11D300ACF2BD /* JSAndOCViewController.m in Sources */,
				9F42E22C2192BE6F003A6F38 /* UITextView+placeHolder.m in Sources */,
				9FA8B926225D8EBF0013B388 /* ArithmeticViewController.m in Sources */,
			);
			runOnlyForDeploymentPostprocessing = 0;
		};
		9FE3556C22AF4F2F00B886E0 /* Sources */ = {
			isa = PBXSourcesBuildPhase;
			buildActionMask = 2147483647;
			files = (
				9FE3557322AF4F2F00B886E0 /* SunghTests.m in Sources */,
			);
			runOnlyForDeploymentPostprocessing = 0;
		};
		9FE3557A22AF4F3700B886E0 /* Sources */ = {
			isa = PBXSourcesBuildPhase;
			buildActionMask = 2147483647;
			files = (
				9FE3558122AF4F3700B886E0 /* SunghUITests.m in Sources */,
			);
			runOnlyForDeploymentPostprocessing = 0;
		};
/* End PBXSourcesBuildPhase section */

/* Begin PBXTargetDependency section */
		9FE3557622AF4F2F00B886E0 /* PBXTargetDependency */ = {
			isa = PBXTargetDependency;
			target = 9F1DB51220E0BE6F0014E9FC /* Sungh */;
			targetProxy = 9FE3557522AF4F2F00B886E0 /* PBXContainerItemProxy */;
		};
		9FE3558422AF4F3700B886E0 /* PBXTargetDependency */ = {
			isa = PBXTargetDependency;
			target = 9F1DB51220E0BE6F0014E9FC /* Sungh */;
			targetProxy = 9FE3558322AF4F3700B886E0 /* PBXContainerItemProxy */;
		};
/* End PBXTargetDependency section */

/* Begin PBXVariantGroup section */
		9F1DB51C20E0BE6F0014E9FC /* Main.storyboard */ = {
			isa = PBXVariantGroup;
			children = (
				9F1DB51D20E0BE6F0014E9FC /* Base */,
			);
			name = Main.storyboard;
			sourceTree = "<group>";
		};
		9F1DB52120E0BE720014E9FC /* LaunchScreen.storyboard */ = {
			isa = PBXVariantGroup;
			children = (
				9F1DB52220E0BE720014E9FC /* Base */,
			);
			name = LaunchScreen.storyboard;
			sourceTree = "<group>";
		};
/* End PBXVariantGroup section */

/* Begin XCBuildConfiguration section */
		9F1DB52720E0BE720014E9FC /* Debug */ = {
			isa = XCBuildConfiguration;
			buildSettings = {
				ALWAYS_SEARCH_USER_PATHS = NO;
				CLANG_ANALYZER_NONNULL = YES;
				CLANG_ANALYZER_NUMBER_OBJECT_CONVERSION = YES_AGGRESSIVE;
				CLANG_CXX_LANGUAGE_STANDARD = "gnu++14";
				CLANG_CXX_LIBRARY = "libc++";
				CLANG_ENABLE_MODULES = YES;
				CLANG_ENABLE_OBJC_ARC = YES;
				CLANG_ENABLE_OBJC_WEAK = YES;
				CLANG_WARN_BLOCK_CAPTURE_AUTORELEASING = YES;
				CLANG_WARN_BOOL_CONVERSION = YES;
				CLANG_WARN_COMMA = YES;
				CLANG_WARN_CONSTANT_CONVERSION = YES;
				CLANG_WARN_DEPRECATED_OBJC_IMPLEMENTATIONS = YES;
				CLANG_WARN_DIRECT_OBJC_ISA_USAGE = YES_ERROR;
				CLANG_WARN_DOCUMENTATION_COMMENTS = YES;
				CLANG_WARN_EMPTY_BODY = YES;
				CLANG_WARN_ENUM_CONVERSION = YES;
				CLANG_WARN_INFINITE_RECURSION = YES;
				CLANG_WARN_INT_CONVERSION = YES;
				CLANG_WARN_NON_LITERAL_NULL_CONVERSION = YES;
				CLANG_WARN_OBJC_IMPLICIT_RETAIN_SELF = YES;
				CLANG_WARN_OBJC_LITERAL_CONVERSION = YES;
				CLANG_WARN_OBJC_ROOT_CLASS = YES_ERROR;
				CLANG_WARN_RANGE_LOOP_ANALYSIS = YES;
				CLANG_WARN_STRICT_PROTOTYPES = YES;
				CLANG_WARN_SUSPICIOUS_MOVE = YES;
				CLANG_WARN_UNGUARDED_AVAILABILITY = YES_AGGRESSIVE;
				CLANG_WARN_UNREACHABLE_CODE = YES;
				CLANG_WARN__DUPLICATE_METHOD_MATCH = YES;
				CODE_SIGN_IDENTITY = "iPhone Developer";
				COPY_PHASE_STRIP = NO;
				DEBUG_INFORMATION_FORMAT = dwarf;
				ENABLE_STRICT_OBJC_MSGSEND = YES;
				ENABLE_TESTABILITY = YES;
				GCC_C_LANGUAGE_STANDARD = gnu11;
				GCC_DYNAMIC_NO_PIC = NO;
				GCC_NO_COMMON_BLOCKS = YES;
				GCC_OPTIMIZATION_LEVEL = 0;
				GCC_PREPROCESSOR_DEFINITIONS = (
					"DEBUG=1",
					"$(inherited)",
				);
				GCC_WARN_64_TO_32_BIT_CONVERSION = YES;
				GCC_WARN_ABOUT_RETURN_TYPE = YES_ERROR;
				GCC_WARN_UNDECLARED_SELECTOR = YES;
				GCC_WARN_UNINITIALIZED_AUTOS = YES_AGGRESSIVE;
				GCC_WARN_UNUSED_FUNCTION = YES;
				GCC_WARN_UNUSED_VARIABLE = YES;
				IPHONEOS_DEPLOYMENT_TARGET = 11.3;
				MTL_ENABLE_DEBUG_INFO = YES;
				ONLY_ACTIVE_ARCH = YES;
				SDKROOT = iphoneos;
			};
			name = Debug;
		};
		9F1DB52820E0BE720014E9FC /* Release */ = {
			isa = XCBuildConfiguration;
			buildSettings = {
				ALWAYS_SEARCH_USER_PATHS = NO;
				CLANG_ANALYZER_NONNULL = YES;
				CLANG_ANALYZER_NUMBER_OBJECT_CONVERSION = YES_AGGRESSIVE;
				CLANG_CXX_LANGUAGE_STANDARD = "gnu++14";
				CLANG_CXX_LIBRARY = "libc++";
				CLANG_ENABLE_MODULES = YES;
				CLANG_ENABLE_OBJC_ARC = YES;
				CLANG_ENABLE_OBJC_WEAK = YES;
				CLANG_WARN_BLOCK_CAPTURE_AUTORELEASING = YES;
				CLANG_WARN_BOOL_CONVERSION = YES;
				CLANG_WARN_COMMA = YES;
				CLANG_WARN_CONSTANT_CONVERSION = YES;
				CLANG_WARN_DEPRECATED_OBJC_IMPLEMENTATIONS = YES;
				CLANG_WARN_DIRECT_OBJC_ISA_USAGE = YES_ERROR;
				CLANG_WARN_DOCUMENTATION_COMMENTS = YES;
				CLANG_WARN_EMPTY_BODY = YES;
				CLANG_WARN_ENUM_CONVERSION = YES;
				CLANG_WARN_INFINITE_RECURSION = YES;
				CLANG_WARN_INT_CONVERSION = YES;
				CLANG_WARN_NON_LITERAL_NULL_CONVERSION = YES;
				CLANG_WARN_OBJC_IMPLICIT_RETAIN_SELF = YES;
				CLANG_WARN_OBJC_LITERAL_CONVERSION = YES;
				CLANG_WARN_OBJC_ROOT_CLASS = YES_ERROR;
				CLANG_WARN_RANGE_LOOP_ANALYSIS = YES;
				CLANG_WARN_STRICT_PROTOTYPES = YES;
				CLANG_WARN_SUSPICIOUS_MOVE = YES;
				CLANG_WARN_UNGUARDED_AVAILABILITY = YES_AGGRESSIVE;
				CLANG_WARN_UNREACHABLE_CODE = YES;
				CLANG_WARN__DUPLICATE_METHOD_MATCH = YES;
				CODE_SIGN_IDENTITY = "iPhone Developer";
				COPY_PHASE_STRIP = NO;
				DEBUG_INFORMATION_FORMAT = "dwarf-with-dsym";
				ENABLE_NS_ASSERTIONS = NO;
				ENABLE_STRICT_OBJC_MSGSEND = YES;
				GCC_C_LANGUAGE_STANDARD = gnu11;
				GCC_NO_COMMON_BLOCKS = YES;
				GCC_WARN_64_TO_32_BIT_CONVERSION = YES;
				GCC_WARN_ABOUT_RETURN_TYPE = YES_ERROR;
				GCC_WARN_UNDECLARED_SELECTOR = YES;
				GCC_WARN_UNINITIALIZED_AUTOS = YES_AGGRESSIVE;
				GCC_WARN_UNUSED_FUNCTION = YES;
				GCC_WARN_UNUSED_VARIABLE = YES;
				IPHONEOS_DEPLOYMENT_TARGET = 11.3;
				MTL_ENABLE_DEBUG_INFO = NO;
				SDKROOT = iphoneos;
				VALIDATE_PRODUCT = YES;
			};
			name = Release;
		};
		9F1DB52A20E0BE720014E9FC /* Debug */ = {
			isa = XCBuildConfiguration;
			baseConfigurationReference = 391D30E298205130E0E46C68 /* Pods-Sungh.debug.xcconfig */;
			buildSettings = {
				ASSETCATALOG_COMPILER_APPICON_NAME = AppIcon;
				CLANG_ENABLE_MODULES = YES;
				CODE_SIGN_STYLE = Automatic;
				FRAMEWORK_SEARCH_PATHS = (
					"$(inherited)",
					"$(PROJECT_DIR)",
				);
				GCC_PREFIX_HEADER = "$(SRCROOT)/Sungh/sungh.pch";
				GCC_PREPROCESSOR_DEFINITIONS = (
					"DEBUG=1",
					"$(inherited)",
				);
				INFOPLIST_FILE = Sungh/Info.plist;
				LD_RUNPATH_SEARCH_PATHS = (
					"$(inherited)",
					"@executable_path/Frameworks",
				);
				PRODUCT_BUNDLE_IDENTIFIER = yongyou.com.Sungh;
				PRODUCT_NAME = "$(TARGET_NAME)";
				SWIFT_OBJC_BRIDGING_HEADER = "Sungh/Sungh-Bridging-Header.h";
				SWIFT_OPTIMIZATION_LEVEL = "-Onone";
				SWIFT_VERSION = 4.2;
				TARGETED_DEVICE_FAMILY = "1,2";
			};
			name = Debug;
		};
		9F1DB52B20E0BE720014E9FC /* Release */ = {
			isa = XCBuildConfiguration;
			baseConfigurationReference = A1224607F71412690A88684D /* Pods-Sungh.release.xcconfig */;
			buildSettings = {
				ASSETCATALOG_COMPILER_APPICON_NAME = AppIcon;
				CLANG_ENABLE_MODULES = YES;
				CODE_SIGN_STYLE = Automatic;
				FRAMEWORK_SEARCH_PATHS = (
					"$(inherited)",
					"$(PROJECT_DIR)",
				);
				GCC_PREFIX_HEADER = "$(SRCROOT)/Sungh/sungh.pch";
				GCC_PREPROCESSOR_DEFINITIONS = "";
				INFOPLIST_FILE = Sungh/Info.plist;
				LD_RUNPATH_SEARCH_PATHS = (
					"$(inherited)",
					"@executable_path/Frameworks",
				);
				PRODUCT_BUNDLE_IDENTIFIER = yongyou.com.Sungh;
				PRODUCT_NAME = "$(TARGET_NAME)";
				SWIFT_OBJC_BRIDGING_HEADER = "Sungh/Sungh-Bridging-Header.h";
				SWIFT_VERSION = 4.2;
				TARGETED_DEVICE_FAMILY = "1,2";
			};
			name = Release;
		};
		9FE3557822AF4F2F00B886E0 /* Debug */ = {
			isa = XCBuildConfiguration;
			buildSettings = {
				BUNDLE_LOADER = "$(TEST_HOST)";
				CODE_SIGN_STYLE = Automatic;
				INFOPLIST_FILE = SunghTests/Info.plist;
				IPHONEOS_DEPLOYMENT_TARGET = 12.1;
				LD_RUNPATH_SEARCH_PATHS = (
					"$(inherited)",
					"@executable_path/Frameworks",
					"@loader_path/Frameworks",
				);
				MTL_ENABLE_DEBUG_INFO = INCLUDE_SOURCE;
				MTL_FAST_MATH = YES;
				PRODUCT_BUNDLE_IDENTIFIER = sunly.com.SunghTests;
				PRODUCT_NAME = "$(TARGET_NAME)";
				TARGETED_DEVICE_FAMILY = "1,2";
				TEST_HOST = "$(BUILT_PRODUCTS_DIR)/Sungh.app/Sungh";
			};
			name = Debug;
		};
		9FE3557922AF4F2F00B886E0 /* Release */ = {
			isa = XCBuildConfiguration;
			buildSettings = {
				BUNDLE_LOADER = "$(TEST_HOST)";
				CODE_SIGN_STYLE = Automatic;
				INFOPLIST_FILE = SunghTests/Info.plist;
				IPHONEOS_DEPLOYMENT_TARGET = 12.1;
				LD_RUNPATH_SEARCH_PATHS = (
					"$(inherited)",
					"@executable_path/Frameworks",
					"@loader_path/Frameworks",
				);
				MTL_FAST_MATH = YES;
				PRODUCT_BUNDLE_IDENTIFIER = sunly.com.SunghTests;
				PRODUCT_NAME = "$(TARGET_NAME)";
				TARGETED_DEVICE_FAMILY = "1,2";
				TEST_HOST = "$(BUILT_PRODUCTS_DIR)/Sungh.app/Sungh";
			};
			name = Release;
		};
		9FE3558622AF4F3700B886E0 /* Debug */ = {
			isa = XCBuildConfiguration;
			buildSettings = {
				CODE_SIGN_STYLE = Automatic;
				INFOPLIST_FILE = SunghUITests/Info.plist;
				IPHONEOS_DEPLOYMENT_TARGET = 12.1;
				LD_RUNPATH_SEARCH_PATHS = (
					"$(inherited)",
					"@executable_path/Frameworks",
					"@loader_path/Frameworks",
				);
				MTL_ENABLE_DEBUG_INFO = INCLUDE_SOURCE;
				MTL_FAST_MATH = YES;
				PRODUCT_BUNDLE_IDENTIFIER = sunly.com.SunghUITests;
				PRODUCT_NAME = "$(TARGET_NAME)";
				TARGETED_DEVICE_FAMILY = "1,2";
				TEST_TARGET_NAME = Sungh;
			};
			name = Debug;
		};
		9FE3558722AF4F3700B886E0 /* Release */ = {
			isa = XCBuildConfiguration;
			buildSettings = {
				CODE_SIGN_STYLE = Automatic;
				INFOPLIST_FILE = SunghUITests/Info.plist;
				IPHONEOS_DEPLOYMENT_TARGET = 12.1;
				LD_RUNPATH_SEARCH_PATHS = (
					"$(inherited)",
					"@executable_path/Frameworks",
					"@loader_path/Frameworks",
				);
				MTL_FAST_MATH = YES;
				PRODUCT_BUNDLE_IDENTIFIER = sunly.com.SunghUITests;
				PRODUCT_NAME = "$(TARGET_NAME)";
				TARGETED_DEVICE_FAMILY = "1,2";
				TEST_TARGET_NAME = Sungh;
			};
			name = Release;
		};
/* End XCBuildConfiguration section */

/* Begin XCConfigurationList section */
		9F1DB50E20E0BE6F0014E9FC /* Build configuration list for PBXProject "Sungh" */ = {
			isa = XCConfigurationList;
			buildConfigurations = (
				9F1DB52720E0BE720014E9FC /* Debug */,
				9F1DB52820E0BE720014E9FC /* Release */,
			);
			defaultConfigurationIsVisible = 0;
			defaultConfigurationName = Release;
		};
		9F1DB52920E0BE720014E9FC /* Build configuration list for PBXNativeTarget "Sungh" */ = {
			isa = XCConfigurationList;
			buildConfigurations = (
				9F1DB52A20E0BE720014E9FC /* Debug */,
				9F1DB52B20E0BE720014E9FC /* Release */,
			);
			defaultConfigurationIsVisible = 0;
			defaultConfigurationName = Release;
		};
		9FE3557722AF4F2F00B886E0 /* Build configuration list for PBXNativeTarget "SunghTests" */ = {
			isa = XCConfigurationList;
			buildConfigurations = (
				9FE3557822AF4F2F00B886E0 /* Debug */,
				9FE3557922AF4F2F00B886E0 /* Release */,
			);
			defaultConfigurationIsVisible = 0;
			defaultConfigurationName = Release;
		};
		9FE3558522AF4F3700B886E0 /* Build configuration list for PBXNativeTarget "SunghUITests" */ = {
			isa = XCConfigurationList;
			buildConfigurations = (
				9FE3558622AF4F3700B886E0 /* Debug */,
				9FE3558722AF4F3700B886E0 /* Release */,
			);
			defaultConfigurationIsVisible = 0;
			defaultConfigurationName = Release;
		};
/* End XCConfigurationList section */
	};
	rootObject = 9F1DB50B20E0BE6F0014E9FC /* Project object */;
}
